// !$*UTF8*$!
{
	archiveVersion = 1;
	classes = {
	};
	objectVersion = 48;
	objects = {

/* Begin PBXBuildFile section */
		01E6DC21D1177E794B2810CC /* Pods_FlowrSpotTests.framework in Frameworks */ = {isa = PBXBuildFile; fileRef = 0C95744A7986F693D62B0883 /* Pods_FlowrSpotTests.framework */; };
		37088C642036E45E004C578F /* Localizable.strings in Resources */ = {isa = PBXBuildFile; fileRef = 37088C632036E45E004C578F /* Localizable.strings */; };
		370F3B8721CB9FFC00C53C85 /* FlowersContainer.swift in Sources */ = {isa = PBXBuildFile; fileRef = 370F3B8621CB9FFC00C53C85 /* FlowersContainer.swift */; };
		372B953022B0D36400B304B3 /* JSONDecoder+Extra.swift in Sources */ = {isa = PBXBuildFile; fileRef = 372B952F22B0D36400B304B3 /* JSONDecoder+Extra.swift */; };
		372E5A862019E164002839CC /* flowers.json in Resources */ = {isa = PBXBuildFile; fileRef = 372E5A842019DCD7002839CC /* flowers.json */; };
		372E5A882019E5DF002839CC /* FlowersDataSourceTests.swift in Sources */ = {isa = PBXBuildFile; fileRef = 3743C2992016232F00453B90 /* FlowersDataSourceTests.swift */; };
		373597C8201B2D570000CA57 /* EmptyView.swift in Sources */ = {isa = PBXBuildFile; fileRef = 373597C7201B2D570000CA57 /* EmptyView.swift */; };
		3743C2922016204F00453B90 /* ArrayTests.swift in Sources */ = {isa = PBXBuildFile; fileRef = 3743C2912016204F00453B90 /* ArrayTests.swift */; };
		3743C2962016224000453B90 /* UIFontTests.swift in Sources */ = {isa = PBXBuildFile; fileRef = 3743C2952016224000453B90 /* UIFontTests.swift */; };
		3743C298201622D200453B90 /* UIViewTests.swift in Sources */ = {isa = PBXBuildFile; fileRef = 3743C297201622D200453B90 /* UIViewTests.swift */; };
		3743C29D2016234F00453B90 /* FlowersDataMock.swift in Sources */ = {isa = PBXBuildFile; fileRef = 3743C29C2016234F00453B90 /* FlowersDataMock.swift */; };
		3743C29F2016256200453B90 /* FlowersMapperTests.swift in Sources */ = {isa = PBXBuildFile; fileRef = 3743C29E2016256200453B90 /* FlowersMapperTests.swift */; };
		37603CEA2010975700FB9F78 /* DataSource.swift in Sources */ = {isa = PBXBuildFile; fileRef = 37603CE92010975700FB9F78 /* DataSource.swift */; };
		37603CEC2010977100FB9F78 /* SectionType.swift in Sources */ = {isa = PBXBuildFile; fileRef = 37603CEB2010977100FB9F78 /* SectionType.swift */; };
		37603CEE2010977F00FB9F78 /* RowType.swift in Sources */ = {isa = PBXBuildFile; fileRef = 37603CED2010977F00FB9F78 /* RowType.swift */; };
		3787E6412015D1420080A599 /* Constants.swift in Sources */ = {isa = PBXBuildFile; fileRef = 3787E6402015D1420080A599 /* Constants.swift */; };
		3787E6522015D3E90080A599 /* RemoteResourceError.swift in Sources */ = {isa = PBXBuildFile; fileRef = 3787E6452015D3E90080A599 /* RemoteResourceError.swift */; };
		3787E6542015D3E90080A599 /* Flower.swift in Sources */ = {isa = PBXBuildFile; fileRef = 3787E6482015D3E90080A599 /* Flower.swift */; };
		3787E6552015D3E90080A599 /* Version.swift in Sources */ = {isa = PBXBuildFile; fileRef = 3787E64A2015D3E90080A599 /* Version.swift */; };
		3787E6562015D3E90080A599 /* Request.swift in Sources */ = {isa = PBXBuildFile; fileRef = 3787E64B2015D3E90080A599 /* Request.swift */; };
		3787E6572015D3E90080A599 /* RestClient.swift in Sources */ = {isa = PBXBuildFile; fileRef = 3787E64C2015D3E90080A599 /* RestClient.swift */; };
		3787E6582015D3E90080A599 /* Host.swift in Sources */ = {isa = PBXBuildFile; fileRef = 3787E64D2015D3E90080A599 /* Host.swift */; };
		3787E6592015D3E90080A599 /* FlowersDownloader.swift in Sources */ = {isa = PBXBuildFile; fileRef = 3787E64F2015D3E90080A599 /* FlowersDownloader.swift */; };
		37892D7B200F320D00BB8259 /* LaunchScreen.storyboard in Resources */ = {isa = PBXBuildFile; fileRef = 37892D7A200F320D00BB8259 /* LaunchScreen.storyboard */; };
		37892D80200F38A600BB8259 /* NavigationViewController.swift in Sources */ = {isa = PBXBuildFile; fileRef = 37892D7F200F38A600BB8259 /* NavigationViewController.swift */; };
		37892D97200F563F00BB8259 /* Ubuntu-B.ttf in Resources */ = {isa = PBXBuildFile; fileRef = 37892D94200F530800BB8259 /* Ubuntu-B.ttf */; };
		37892D98200F563F00BB8259 /* Ubuntu-BI.ttf in Resources */ = {isa = PBXBuildFile; fileRef = 37892D8E200F530800BB8259 /* Ubuntu-BI.ttf */; };
		37892D99200F563F00BB8259 /* Ubuntu-C.ttf in Resources */ = {isa = PBXBuildFile; fileRef = 37892D8C200F530700BB8259 /* Ubuntu-C.ttf */; };
		37892D9A200F563F00BB8259 /* Ubuntu-L.ttf in Resources */ = {isa = PBXBuildFile; fileRef = 37892D93200F530800BB8259 /* Ubuntu-L.ttf */; };
		37892D9B200F563F00BB8259 /* Ubuntu-LI.ttf in Resources */ = {isa = PBXBuildFile; fileRef = 37892D90200F530800BB8259 /* Ubuntu-LI.ttf */; };
		37892D9C200F563F00BB8259 /* Ubuntu-M.ttf in Resources */ = {isa = PBXBuildFile; fileRef = 37892D8B200F530700BB8259 /* Ubuntu-M.ttf */; };
		37892D9D200F563F00BB8259 /* Ubuntu-MI.ttf in Resources */ = {isa = PBXBuildFile; fileRef = 37892D8A200F530700BB8259 /* Ubuntu-MI.ttf */; };
		37892D9E200F563F00BB8259 /* Ubuntu-R.ttf in Resources */ = {isa = PBXBuildFile; fileRef = 37892D8D200F530800BB8259 /* Ubuntu-R.ttf */; };
		37892D9F200F563F00BB8259 /* Ubuntu-RI.ttf in Resources */ = {isa = PBXBuildFile; fileRef = 37892D8F200F530800BB8259 /* Ubuntu-RI.ttf */; };
		37892DA0200F563F00BB8259 /* UbuntuMono-B.ttf in Resources */ = {isa = PBXBuildFile; fileRef = 37892D96200F530900BB8259 /* UbuntuMono-B.ttf */; };
		37892DA1200F563F00BB8259 /* UbuntuMono-BI.ttf in Resources */ = {isa = PBXBuildFile; fileRef = 37892D91200F530800BB8259 /* UbuntuMono-BI.ttf */; };
		37892DA2200F563F00BB8259 /* UbuntuMono-R.ttf in Resources */ = {isa = PBXBuildFile; fileRef = 37892D92200F530800BB8259 /* UbuntuMono-R.ttf */; };
		37892DA3200F563F00BB8259 /* UbuntuMono-RI.ttf in Resources */ = {isa = PBXBuildFile; fileRef = 37892D95200F530900BB8259 /* UbuntuMono-RI.ttf */; };
		378E922622B0E227008C06F0 /* HomeContentView.swift in Sources */ = {isa = PBXBuildFile; fileRef = 378E922522B0E227008C06F0 /* HomeContentView.swift */; };
		37B4196C200E06C600173B80 /* AppDelegate.swift in Sources */ = {isa = PBXBuildFile; fileRef = 37B4196B200E06C600173B80 /* AppDelegate.swift */; };
		37B41973200E06C700173B80 /* Assets.xcassets in Resources */ = {isa = PBXBuildFile; fileRef = 37B41972200E06C700173B80 /* Assets.xcassets */; };
		37DFD3282011E41C001023ED /* HomeHeaderView.swift in Sources */ = {isa = PBXBuildFile; fileRef = 37DFD3242011E41C001023ED /* HomeHeaderView.swift */; };
		37DFD3292011E41C001023ED /* FlowerCollectionViewCell.swift in Sources */ = {isa = PBXBuildFile; fileRef = 37DFD3252011E41C001023ED /* FlowerCollectionViewCell.swift */; };
		37DFD3392011E48D001023ED /* UIFont+Extra.swift in Sources */ = {isa = PBXBuildFile; fileRef = 37DFD3332011E48D001023ED /* UIFont+Extra.swift */; };
		37DFD33C2011E48D001023ED /* UIColor+Extra.swift in Sources */ = {isa = PBXBuildFile; fileRef = 37DFD3362011E48D001023ED /* UIColor+Extra.swift */; };
		37DFD3462011E63C001023ED /* ItemDimenson.swift in Sources */ = {isa = PBXBuildFile; fileRef = 37DFD3452011E63C001023ED /* ItemDimenson.swift */; };
		37DFD34E2011E817001023ED /* RootTabViewController.swift in Sources */ = {isa = PBXBuildFile; fileRef = 37DFD34A2011E817001023ED /* RootTabViewController.swift */; };
		37F609182012220200087B53 /* FlowersDataSource.swift in Sources */ = {isa = PBXBuildFile; fileRef = 37F6090C2012220200087B53 /* FlowersDataSource.swift */; };
		37F609192012220200087B53 /* HomeInteractor.swift in Sources */ = {isa = PBXBuildFile; fileRef = 37F6090D2012220200087B53 /* HomeInteractor.swift */; };
		37F6091A2012220200087B53 /* FlowerCollectionViewItemDimenson.swift in Sources */ = {isa = PBXBuildFile; fileRef = 37F6090F2012220200087B53 /* FlowerCollectionViewItemDimenson.swift */; };
		37F6091B2012220200087B53 /* HomeViewController.swift in Sources */ = {isa = PBXBuildFile; fileRef = 37F609102012220200087B53 /* HomeViewController.swift */; };
		37F6091C2012220200087B53 /* HomeRouter.swift in Sources */ = {isa = PBXBuildFile; fileRef = 37F609112012220200087B53 /* HomeRouter.swift */; };
		37F6091D2012220200087B53 /* FlowerRequests.swift in Sources */ = {isa = PBXBuildFile; fileRef = 37F609132012220200087B53 /* FlowerRequests.swift */; };
		37F6091E2012220200087B53 /* GetFlowersWorker.swift in Sources */ = {isa = PBXBuildFile; fileRef = 37F609152012220200087B53 /* GetFlowersWorker.swift */; };
		37F609202012220200087B53 /* HomePresenter.swift in Sources */ = {isa = PBXBuildFile; fileRef = 37F609172012220200087B53 /* HomePresenter.swift */; };
		37F609232012226600087B53 /* FlowersSection.swift in Sources */ = {isa = PBXBuildFile; fileRef = 37F609212012226500087B53 /* FlowersSection.swift */; };
		37F609242012226600087B53 /* FlowersRow.swift in Sources */ = {isa = PBXBuildFile; fileRef = 37F609222012226600087B53 /* FlowersRow.swift */; };
		4D1BD182245CA3C700D506F8 /* GetFlowerDetailsWorker.swift in Sources */ = {isa = PBXBuildFile; fileRef = 4D1BD181245CA3C700D506F8 /* GetFlowerDetailsWorker.swift */; };
		4D1BD184245CA4E400D506F8 /* FlowerDetailsViewController.swift in Sources */ = {isa = PBXBuildFile; fileRef = 4D1BD183245CA4E400D506F8 /* FlowerDetailsViewController.swift */; };
		4D1BD186245CA54B00D506F8 /* FlowerDetailsRouter.swift in Sources */ = {isa = PBXBuildFile; fileRef = 4D1BD185245CA54B00D506F8 /* FlowerDetailsRouter.swift */; };
		4D1BD188245CA59000D506F8 /* FlowerDetailsPresenter.swift in Sources */ = {isa = PBXBuildFile; fileRef = 4D1BD187245CA59000D506F8 /* FlowerDetailsPresenter.swift */; };
		4D1BD18A245CA68300D506F8 /* FlowerDetailsInteractor.swift in Sources */ = {isa = PBXBuildFile; fileRef = 4D1BD189245CA68300D506F8 /* FlowerDetailsInteractor.swift */; };
		4D1BD18E245CA9F100D506F8 /* FlowerDetailsDataSource.swift in Sources */ = {isa = PBXBuildFile; fileRef = 4D1BD18D245CA9F100D506F8 /* FlowerDetailsDataSource.swift */; };
		4D1BD191245CAA5500D506F8 /* FlowerDetailsContentView.swift in Sources */ = {isa = PBXBuildFile; fileRef = 4D1BD190245CAA5500D506F8 /* FlowerDetailsContentView.swift */; };
		4D3C0D372460B95800EBC936 /* Sighting.swift in Sources */ = {isa = PBXBuildFile; fileRef = 4D3C0D362460B95800EBC936 /* Sighting.swift */; };
		4D3C0D392460B9AF00EBC936 /* User.swift in Sources */ = {isa = PBXBuildFile; fileRef = 4D3C0D382460B9AF00EBC936 /* User.swift */; };
		4D3C0D3B2460BA8800EBC936 /* SightingsContainer.swift in Sources */ = {isa = PBXBuildFile; fileRef = 4D3C0D3A2460BA8800EBC936 /* SightingsContainer.swift */; };
		4D3C0D3D2460BB3D00EBC936 /* GetFlowerSightingsWorker.swift in Sources */ = {isa = PBXBuildFile; fileRef = 4D3C0D3C2460BB3D00EBC936 /* GetFlowerSightingsWorker.swift */; };
		4D3C0D432460CBB800EBC936 /* SightingsRow.swift in Sources */ = {isa = PBXBuildFile; fileRef = 4D3C0D422460CBB800EBC936 /* SightingsRow.swift */; };
		4D3C0D452460CC1200EBC936 /* FlowerDetailsSection.swift in Sources */ = {isa = PBXBuildFile; fileRef = 4D3C0D442460CC1200EBC936 /* FlowerDetailsSection.swift */; };
		4D3C0D472460CC9B00EBC936 /* SightingTableViewCell.swift in Sources */ = {isa = PBXBuildFile; fileRef = 4D3C0D462460CC9B00EBC936 /* SightingTableViewCell.swift */; };
		4D3C0D4C2461634200EBC936 /* FlowerDescriptionHeaderView.swift in Sources */ = {isa = PBXBuildFile; fileRef = 4D3C0D4B2461634200EBC936 /* FlowerDescriptionHeaderView.swift */; };
		4D3C0D4E2461674400EBC936 /* FlowerDescriptionDataSource.swift in Sources */ = {isa = PBXBuildFile; fileRef = 4D3C0D4D2461674400EBC936 /* FlowerDescriptionDataSource.swift */; };
		4D3C0D51246170C300EBC936 /* ReverseGeocoder.swift in Sources */ = {isa = PBXBuildFile; fileRef = 4D3C0D50246170C300EBC936 /* ReverseGeocoder.swift */; };
		4D3C0D552461765C00EBC936 /* NewSightingViewController.swift in Sources */ = {isa = PBXBuildFile; fileRef = 4D3C0D542461765C00EBC936 /* NewSightingViewController.swift */; };
		4D3C0D572461766C00EBC936 /* SightingDetailsViewController.swift in Sources */ = {isa = PBXBuildFile; fileRef = 4D3C0D562461766C00EBC936 /* SightingDetailsViewController.swift */; };
		4D3C0D5B2461816100EBC936 /* flower.json in Resources */ = {isa = PBXBuildFile; fileRef = 4D3C0D5A2461816100EBC936 /* flower.json */; };
		4D3C0D5E246181C400EBC936 /* Helper.swift in Sources */ = {isa = PBXBuildFile; fileRef = 4D3C0D5D246181C400EBC936 /* Helper.swift */; };
		4D3C0D5F246181F600EBC936 /* RemoteResourceError.swift in Sources */ = {isa = PBXBuildFile; fileRef = 3787E6452015D3E90080A599 /* RemoteResourceError.swift */; };
		4D3C0D612461845100EBC936 /* FlowerDetailsDataMock.swift in Sources */ = {isa = PBXBuildFile; fileRef = 4D3C0D602461845100EBC936 /* FlowerDetailsDataMock.swift */; };
		4D3C0D632461868200EBC936 /* FlowerDetailsMapperTests.swift in Sources */ = {isa = PBXBuildFile; fileRef = 4D3C0D622461868200EBC936 /* FlowerDetailsMapperTests.swift */; };
		4D3C0D65246187AB00EBC936 /* sightings.json in Resources */ = {isa = PBXBuildFile; fileRef = 4D3C0D64246187AB00EBC936 /* sightings.json */; };
		4D3C0D67246187D500EBC936 /* SightingsDataMock.swift in Sources */ = {isa = PBXBuildFile; fileRef = 4D3C0D66246187D500EBC936 /* SightingsDataMock.swift */; };
		4D3C0D692461881E00EBC936 /* SightingsMapperTests.swift in Sources */ = {isa = PBXBuildFile; fileRef = 4D3C0D682461881E00EBC936 /* SightingsMapperTests.swift */; };
		4D3C0D6B24618C7B00EBC936 /* FlowerDetailsDataSourceTests.swift in Sources */ = {isa = PBXBuildFile; fileRef = 4D3C0D6A24618C7B00EBC936 /* FlowerDetailsDataSourceTests.swift */; };
		4D3C0D6D2461941000EBC936 /* String+Extension.swift in Sources */ = {isa = PBXBuildFile; fileRef = 4D3C0D6C2461941000EBC936 /* String+Extension.swift */; };
		4D3C0D72246195E100EBC936 /* DateTests.swift in Sources */ = {isa = PBXBuildFile; fileRef = 4D3C0D71246195E100EBC936 /* DateTests.swift */; };
		4D3C0D742461968200EBC936 /* Date+Extension.swift in Sources */ = {isa = PBXBuildFile; fileRef = 4D3C0D732461968200EBC936 /* Date+Extension.swift */; };
		4D3C0D7D2461B02000EBC936 /* FlowrSpotUITests.swift in Sources */ = {isa = PBXBuildFile; fileRef = 4D3C0D7C2461B02000EBC936 /* FlowrSpotUITests.swift */; };
		4D5C3A78245CD58F00FF17BE /* FlowerContainer.swift in Sources */ = {isa = PBXBuildFile; fileRef = 4D5C3A77245CD58F00FF17BE /* FlowerContainer.swift */; };
		4D5C3A7A245CD81400FF17BE /* FlowerDetailsHeaderView.swift in Sources */ = {isa = PBXBuildFile; fileRef = 4D5C3A79245CD81400FF17BE /* FlowerDetailsHeaderView.swift */; };
		4D5C3A7C245CE27700FF17BE /* UIView+Extension.swift in Sources */ = {isa = PBXBuildFile; fileRef = 4D5C3A7B245CE27700FF17BE /* UIView+Extension.swift */; };
		4D7A1F4A245D5A1400FB8DC5 /* .swiftlint.yml in Resources */ = {isa = PBXBuildFile; fileRef = 4D7A1F49245D5A1400FB8DC5 /* .swiftlint.yml */; };
		4DB486582461D91100EA7BE0 /* AssetCatalog.swift in Sources */ = {isa = PBXBuildFile; fileRef = 4DB486572461D91100EA7BE0 /* AssetCatalog.swift */; };
		99DC55B220160E1600E314D1 /* FlowersDownloaderTests.swift in Sources */ = {isa = PBXBuildFile; fileRef = 99DC55B120160E1600E314D1 /* FlowersDownloaderTests.swift */; };
		99EF39B922E7202D001230BD /* SearchView.swift in Sources */ = {isa = PBXBuildFile; fileRef = 99EF39B822E7202C001230BD /* SearchView.swift */; };
		E68543E126BCC2F758FEE79A /* Pods_FlowrSpot.framework in Frameworks */ = {isa = PBXBuildFile; fileRef = 5502B36F092495137C78FE6B /* Pods_FlowrSpot.framework */; };
/* End PBXBuildFile section */

/* Begin PBXContainerItemProxy section */
		37B4197D200E06C700173B80 /* PBXContainerItemProxy */ = {
			isa = PBXContainerItemProxy;
			containerPortal = 37B41960200E06C600173B80 /* Project object */;
			proxyType = 1;
			remoteGlobalIDString = 37B41967200E06C600173B80;
			remoteInfo = FlowrSpot;
		};
		4D3C0D7F2461B02000EBC936 /* PBXContainerItemProxy */ = {
			isa = PBXContainerItemProxy;
			containerPortal = 37B41960200E06C600173B80 /* Project object */;
			proxyType = 1;
			remoteGlobalIDString = 37B41967200E06C600173B80;
			remoteInfo = FlowrSpot;
		};
/* End PBXContainerItemProxy section */

/* Begin PBXFileReference section */
		0C95744A7986F693D62B0883 /* Pods_FlowrSpotTests.framework */ = {isa = PBXFileReference; explicitFileType = wrapper.framework; includeInIndex = 0; path = Pods_FlowrSpotTests.framework; sourceTree = BUILT_PRODUCTS_DIR; };
		37088C632036E45E004C578F /* Localizable.strings */ = {isa = PBXFileReference; lastKnownFileType = text.plist.strings; path = Localizable.strings; sourceTree = "<group>"; };
		370F3B8621CB9FFC00C53C85 /* FlowersContainer.swift */ = {isa = PBXFileReference; lastKnownFileType = sourcecode.swift; path = FlowersContainer.swift; sourceTree = "<group>"; };
		372B952F22B0D36400B304B3 /* JSONDecoder+Extra.swift */ = {isa = PBXFileReference; lastKnownFileType = sourcecode.swift; path = "JSONDecoder+Extra.swift"; sourceTree = "<group>"; };
		372E5A842019DCD7002839CC /* flowers.json */ = {isa = PBXFileReference; lastKnownFileType = text.json; path = flowers.json; sourceTree = "<group>"; };
		373597C7201B2D570000CA57 /* EmptyView.swift */ = {isa = PBXFileReference; lastKnownFileType = sourcecode.swift; path = EmptyView.swift; sourceTree = "<group>"; };
		3743C2792016049600453B90 /* Info.plist */ = {isa = PBXFileReference; lastKnownFileType = text.plist.xml; path = Info.plist; sourceTree = "<group>"; };
		3743C2912016204F00453B90 /* ArrayTests.swift */ = {isa = PBXFileReference; fileEncoding = 4; lastKnownFileType = sourcecode.swift; path = ArrayTests.swift; sourceTree = "<group>"; };
		3743C2952016224000453B90 /* UIFontTests.swift */ = {isa = PBXFileReference; lastKnownFileType = sourcecode.swift; path = UIFontTests.swift; sourceTree = "<group>"; };
		3743C297201622D200453B90 /* UIViewTests.swift */ = {isa = PBXFileReference; lastKnownFileType = sourcecode.swift; path = UIViewTests.swift; sourceTree = "<group>"; };
		3743C2992016232F00453B90 /* FlowersDataSourceTests.swift */ = {isa = PBXFileReference; lastKnownFileType = sourcecode.swift; path = FlowersDataSourceTests.swift; sourceTree = "<group>"; };
		3743C29C2016234F00453B90 /* FlowersDataMock.swift */ = {isa = PBXFileReference; lastKnownFileType = sourcecode.swift; path = FlowersDataMock.swift; sourceTree = "<group>"; };
		3743C29E2016256200453B90 /* FlowersMapperTests.swift */ = {isa = PBXFileReference; lastKnownFileType = sourcecode.swift; path = FlowersMapperTests.swift; sourceTree = "<group>"; };
		37603CE92010975700FB9F78 /* DataSource.swift */ = {isa = PBXFileReference; lastKnownFileType = sourcecode.swift; path = DataSource.swift; sourceTree = "<group>"; };
		37603CEB2010977100FB9F78 /* SectionType.swift */ = {isa = PBXFileReference; lastKnownFileType = sourcecode.swift; path = SectionType.swift; sourceTree = "<group>"; };
		37603CED2010977F00FB9F78 /* RowType.swift */ = {isa = PBXFileReference; lastKnownFileType = sourcecode.swift; path = RowType.swift; sourceTree = "<group>"; };
		3787E6402015D1420080A599 /* Constants.swift */ = {isa = PBXFileReference; lastKnownFileType = sourcecode.swift; path = Constants.swift; sourceTree = "<group>"; };
		3787E6452015D3E90080A599 /* RemoteResourceError.swift */ = {isa = PBXFileReference; fileEncoding = 4; lastKnownFileType = sourcecode.swift; path = RemoteResourceError.swift; sourceTree = "<group>"; };
		3787E6482015D3E90080A599 /* Flower.swift */ = {isa = PBXFileReference; fileEncoding = 4; lastKnownFileType = sourcecode.swift; path = Flower.swift; sourceTree = "<group>"; };
		3787E64A2015D3E90080A599 /* Version.swift */ = {isa = PBXFileReference; fileEncoding = 4; lastKnownFileType = sourcecode.swift; path = Version.swift; sourceTree = "<group>"; };
		3787E64B2015D3E90080A599 /* Request.swift */ = {isa = PBXFileReference; fileEncoding = 4; lastKnownFileType = sourcecode.swift; path = Request.swift; sourceTree = "<group>"; };
		3787E64C2015D3E90080A599 /* RestClient.swift */ = {isa = PBXFileReference; fileEncoding = 4; lastKnownFileType = sourcecode.swift; path = RestClient.swift; sourceTree = "<group>"; };
		3787E64D2015D3E90080A599 /* Host.swift */ = {isa = PBXFileReference; fileEncoding = 4; lastKnownFileType = sourcecode.swift; path = Host.swift; sourceTree = "<group>"; };
		3787E64F2015D3E90080A599 /* FlowersDownloader.swift */ = {isa = PBXFileReference; fileEncoding = 4; lastKnownFileType = sourcecode.swift; path = FlowersDownloader.swift; sourceTree = "<group>"; };
		37892D7A200F320D00BB8259 /* LaunchScreen.storyboard */ = {isa = PBXFileReference; lastKnownFileType = file.storyboard; path = LaunchScreen.storyboard; sourceTree = "<group>"; };
		37892D7F200F38A600BB8259 /* NavigationViewController.swift */ = {isa = PBXFileReference; lastKnownFileType = sourcecode.swift; path = NavigationViewController.swift; sourceTree = "<group>"; };
		37892D8A200F530700BB8259 /* Ubuntu-MI.ttf */ = {isa = PBXFileReference; lastKnownFileType = file; path = "Ubuntu-MI.ttf"; sourceTree = "<group>"; };
		37892D8B200F530700BB8259 /* Ubuntu-M.ttf */ = {isa = PBXFileReference; lastKnownFileType = file; path = "Ubuntu-M.ttf"; sourceTree = "<group>"; };
		37892D8C200F530700BB8259 /* Ubuntu-C.ttf */ = {isa = PBXFileReference; lastKnownFileType = file; path = "Ubuntu-C.ttf"; sourceTree = "<group>"; };
		37892D8D200F530800BB8259 /* Ubuntu-R.ttf */ = {isa = PBXFileReference; lastKnownFileType = file; path = "Ubuntu-R.ttf"; sourceTree = "<group>"; };
		37892D8E200F530800BB8259 /* Ubuntu-BI.ttf */ = {isa = PBXFileReference; lastKnownFileType = file; path = "Ubuntu-BI.ttf"; sourceTree = "<group>"; };
		37892D8F200F530800BB8259 /* Ubuntu-RI.ttf */ = {isa = PBXFileReference; lastKnownFileType = file; path = "Ubuntu-RI.ttf"; sourceTree = "<group>"; };
		37892D90200F530800BB8259 /* Ubuntu-LI.ttf */ = {isa = PBXFileReference; lastKnownFileType = file; path = "Ubuntu-LI.ttf"; sourceTree = "<group>"; };
		37892D91200F530800BB8259 /* UbuntuMono-BI.ttf */ = {isa = PBXFileReference; lastKnownFileType = file; path = "UbuntuMono-BI.ttf"; sourceTree = "<group>"; };
		37892D92200F530800BB8259 /* UbuntuMono-R.ttf */ = {isa = PBXFileReference; lastKnownFileType = file; path = "UbuntuMono-R.ttf"; sourceTree = "<group>"; };
		37892D93200F530800BB8259 /* Ubuntu-L.ttf */ = {isa = PBXFileReference; lastKnownFileType = file; path = "Ubuntu-L.ttf"; sourceTree = "<group>"; };
		37892D94200F530800BB8259 /* Ubuntu-B.ttf */ = {isa = PBXFileReference; lastKnownFileType = file; path = "Ubuntu-B.ttf"; sourceTree = "<group>"; };
		37892D95200F530900BB8259 /* UbuntuMono-RI.ttf */ = {isa = PBXFileReference; lastKnownFileType = file; path = "UbuntuMono-RI.ttf"; sourceTree = "<group>"; };
		37892D96200F530900BB8259 /* UbuntuMono-B.ttf */ = {isa = PBXFileReference; lastKnownFileType = file; path = "UbuntuMono-B.ttf"; sourceTree = "<group>"; };
		378E922522B0E227008C06F0 /* HomeContentView.swift */ = {isa = PBXFileReference; lastKnownFileType = sourcecode.swift; path = HomeContentView.swift; sourceTree = "<group>"; };
		37B41968200E06C600173B80 /* FlowrSpot.app */ = {isa = PBXFileReference; explicitFileType = wrapper.application; includeInIndex = 0; path = FlowrSpot.app; sourceTree = BUILT_PRODUCTS_DIR; };
		37B4196B200E06C600173B80 /* AppDelegate.swift */ = {isa = PBXFileReference; lastKnownFileType = sourcecode.swift; path = AppDelegate.swift; sourceTree = "<group>"; };
		37B41972200E06C700173B80 /* Assets.xcassets */ = {isa = PBXFileReference; lastKnownFileType = folder.assetcatalog; path = Assets.xcassets; sourceTree = "<group>"; };
		37B41977200E06C700173B80 /* Info.plist */ = {isa = PBXFileReference; lastKnownFileType = text.plist.xml; path = Info.plist; sourceTree = "<group>"; };
		37B4197C200E06C700173B80 /* FlowrSpotTests.xctest */ = {isa = PBXFileReference; explicitFileType = wrapper.cfbundle; includeInIndex = 0; path = FlowrSpotTests.xctest; sourceTree = BUILT_PRODUCTS_DIR; };
		37DFD3242011E41C001023ED /* HomeHeaderView.swift */ = {isa = PBXFileReference; fileEncoding = 4; lastKnownFileType = sourcecode.swift; name = HomeHeaderView.swift; path = FlowrSpot/Scenes/Home/Views/HomeHeaderView.swift; sourceTree = SOURCE_ROOT; };
		37DFD3252011E41C001023ED /* FlowerCollectionViewCell.swift */ = {isa = PBXFileReference; fileEncoding = 4; lastKnownFileType = sourcecode.swift; name = FlowerCollectionViewCell.swift; path = FlowrSpot/Scenes/Home/Views/FlowerCollectionViewCell.swift; sourceTree = SOURCE_ROOT; };
		37DFD3332011E48D001023ED /* UIFont+Extra.swift */ = {isa = PBXFileReference; fileEncoding = 4; lastKnownFileType = sourcecode.swift; path = "UIFont+Extra.swift"; sourceTree = "<group>"; };
		37DFD3362011E48D001023ED /* UIColor+Extra.swift */ = {isa = PBXFileReference; fileEncoding = 4; lastKnownFileType = sourcecode.swift; path = "UIColor+Extra.swift"; sourceTree = "<group>"; };
		37DFD3452011E63C001023ED /* ItemDimenson.swift */ = {isa = PBXFileReference; fileEncoding = 4; lastKnownFileType = sourcecode.swift; path = ItemDimenson.swift; sourceTree = "<group>"; };
		37DFD34A2011E817001023ED /* RootTabViewController.swift */ = {isa = PBXFileReference; fileEncoding = 4; lastKnownFileType = sourcecode.swift; path = RootTabViewController.swift; sourceTree = "<group>"; };
		37F6090C2012220200087B53 /* FlowersDataSource.swift */ = {isa = PBXFileReference; fileEncoding = 4; lastKnownFileType = sourcecode.swift; path = FlowersDataSource.swift; sourceTree = "<group>"; };
		37F6090D2012220200087B53 /* HomeInteractor.swift */ = {isa = PBXFileReference; fileEncoding = 4; lastKnownFileType = sourcecode.swift; path = HomeInteractor.swift; sourceTree = "<group>"; };
		37F6090F2012220200087B53 /* FlowerCollectionViewItemDimenson.swift */ = {isa = PBXFileReference; fileEncoding = 4; lastKnownFileType = sourcecode.swift; path = FlowerCollectionViewItemDimenson.swift; sourceTree = "<group>"; };
		37F609102012220200087B53 /* HomeViewController.swift */ = {isa = PBXFileReference; fileEncoding = 4; lastKnownFileType = sourcecode.swift; path = HomeViewController.swift; sourceTree = "<group>"; };
		37F609112012220200087B53 /* HomeRouter.swift */ = {isa = PBXFileReference; fileEncoding = 4; lastKnownFileType = sourcecode.swift; path = HomeRouter.swift; sourceTree = "<group>"; };
		37F609132012220200087B53 /* FlowerRequests.swift */ = {isa = PBXFileReference; fileEncoding = 4; lastKnownFileType = sourcecode.swift; path = FlowerRequests.swift; sourceTree = "<group>"; };
		37F609152012220200087B53 /* GetFlowersWorker.swift */ = {isa = PBXFileReference; fileEncoding = 4; lastKnownFileType = sourcecode.swift; path = GetFlowersWorker.swift; sourceTree = "<group>"; };
		37F609172012220200087B53 /* HomePresenter.swift */ = {isa = PBXFileReference; fileEncoding = 4; lastKnownFileType = sourcecode.swift; path = HomePresenter.swift; sourceTree = "<group>"; };
		37F609212012226500087B53 /* FlowersSection.swift */ = {isa = PBXFileReference; fileEncoding = 4; lastKnownFileType = sourcecode.swift; path = FlowersSection.swift; sourceTree = "<group>"; };
		37F609222012226600087B53 /* FlowersRow.swift */ = {isa = PBXFileReference; fileEncoding = 4; lastKnownFileType = sourcecode.swift; path = FlowersRow.swift; sourceTree = "<group>"; };
		4D1BD181245CA3C700D506F8 /* GetFlowerDetailsWorker.swift */ = {isa = PBXFileReference; lastKnownFileType = sourcecode.swift; path = GetFlowerDetailsWorker.swift; sourceTree = "<group>"; };
		4D1BD183245CA4E400D506F8 /* FlowerDetailsViewController.swift */ = {isa = PBXFileReference; lastKnownFileType = sourcecode.swift; path = FlowerDetailsViewController.swift; sourceTree = "<group>"; };
		4D1BD185245CA54B00D506F8 /* FlowerDetailsRouter.swift */ = {isa = PBXFileReference; lastKnownFileType = sourcecode.swift; path = FlowerDetailsRouter.swift; sourceTree = "<group>"; };
		4D1BD187245CA59000D506F8 /* FlowerDetailsPresenter.swift */ = {isa = PBXFileReference; lastKnownFileType = sourcecode.swift; path = FlowerDetailsPresenter.swift; sourceTree = "<group>"; };
		4D1BD189245CA68300D506F8 /* FlowerDetailsInteractor.swift */ = {isa = PBXFileReference; lastKnownFileType = sourcecode.swift; path = FlowerDetailsInteractor.swift; sourceTree = "<group>"; };
		4D1BD18D245CA9F100D506F8 /* FlowerDetailsDataSource.swift */ = {isa = PBXFileReference; lastKnownFileType = sourcecode.swift; path = FlowerDetailsDataSource.swift; sourceTree = "<group>"; };
		4D1BD190245CAA5500D506F8 /* FlowerDetailsContentView.swift */ = {isa = PBXFileReference; lastKnownFileType = sourcecode.swift; path = FlowerDetailsContentView.swift; sourceTree = "<group>"; };
		4D3C0D362460B95800EBC936 /* Sighting.swift */ = {isa = PBXFileReference; lastKnownFileType = sourcecode.swift; path = Sighting.swift; sourceTree = "<group>"; };
		4D3C0D382460B9AF00EBC936 /* User.swift */ = {isa = PBXFileReference; lastKnownFileType = sourcecode.swift; path = User.swift; sourceTree = "<group>"; };
		4D3C0D3A2460BA8800EBC936 /* SightingsContainer.swift */ = {isa = PBXFileReference; lastKnownFileType = sourcecode.swift; path = SightingsContainer.swift; sourceTree = "<group>"; };
		4D3C0D3C2460BB3D00EBC936 /* GetFlowerSightingsWorker.swift */ = {isa = PBXFileReference; lastKnownFileType = sourcecode.swift; path = GetFlowerSightingsWorker.swift; sourceTree = "<group>"; };
		4D3C0D422460CBB800EBC936 /* SightingsRow.swift */ = {isa = PBXFileReference; lastKnownFileType = sourcecode.swift; path = SightingsRow.swift; sourceTree = "<group>"; };
		4D3C0D442460CC1200EBC936 /* FlowerDetailsSection.swift */ = {isa = PBXFileReference; lastKnownFileType = sourcecode.swift; path = FlowerDetailsSection.swift; sourceTree = "<group>"; };
		4D3C0D462460CC9B00EBC936 /* SightingTableViewCell.swift */ = {isa = PBXFileReference; lastKnownFileType = sourcecode.swift; path = SightingTableViewCell.swift; sourceTree = "<group>"; };
		4D3C0D4B2461634200EBC936 /* FlowerDescriptionHeaderView.swift */ = {isa = PBXFileReference; lastKnownFileType = sourcecode.swift; path = FlowerDescriptionHeaderView.swift; sourceTree = "<group>"; };
		4D3C0D4D2461674400EBC936 /* FlowerDescriptionDataSource.swift */ = {isa = PBXFileReference; lastKnownFileType = sourcecode.swift; path = FlowerDescriptionDataSource.swift; sourceTree = "<group>"; };
		4D3C0D50246170C300EBC936 /* ReverseGeocoder.swift */ = {isa = PBXFileReference; lastKnownFileType = sourcecode.swift; path = ReverseGeocoder.swift; sourceTree = "<group>"; };
		4D3C0D542461765C00EBC936 /* NewSightingViewController.swift */ = {isa = PBXFileReference; lastKnownFileType = sourcecode.swift; path = NewSightingViewController.swift; sourceTree = "<group>"; };
		4D3C0D562461766C00EBC936 /* SightingDetailsViewController.swift */ = {isa = PBXFileReference; lastKnownFileType = sourcecode.swift; path = SightingDetailsViewController.swift; sourceTree = "<group>"; };
		4D3C0D5A2461816100EBC936 /* flower.json */ = {isa = PBXFileReference; lastKnownFileType = text.json; path = flower.json; sourceTree = "<group>"; };
		4D3C0D5D246181C400EBC936 /* Helper.swift */ = {isa = PBXFileReference; lastKnownFileType = sourcecode.swift; path = Helper.swift; sourceTree = "<group>"; };
		4D3C0D602461845100EBC936 /* FlowerDetailsDataMock.swift */ = {isa = PBXFileReference; lastKnownFileType = sourcecode.swift; path = FlowerDetailsDataMock.swift; sourceTree = "<group>"; };
		4D3C0D622461868200EBC936 /* FlowerDetailsMapperTests.swift */ = {isa = PBXFileReference; lastKnownFileType = sourcecode.swift; path = FlowerDetailsMapperTests.swift; sourceTree = "<group>"; };
		4D3C0D64246187AB00EBC936 /* sightings.json */ = {isa = PBXFileReference; lastKnownFileType = text.json; path = sightings.json; sourceTree = "<group>"; };
		4D3C0D66246187D500EBC936 /* SightingsDataMock.swift */ = {isa = PBXFileReference; lastKnownFileType = sourcecode.swift; path = SightingsDataMock.swift; sourceTree = "<group>"; };
		4D3C0D682461881E00EBC936 /* SightingsMapperTests.swift */ = {isa = PBXFileReference; lastKnownFileType = sourcecode.swift; path = SightingsMapperTests.swift; sourceTree = "<group>"; };
		4D3C0D6A24618C7B00EBC936 /* FlowerDetailsDataSourceTests.swift */ = {isa = PBXFileReference; lastKnownFileType = sourcecode.swift; path = FlowerDetailsDataSourceTests.swift; sourceTree = "<group>"; };
		4D3C0D6C2461941000EBC936 /* String+Extension.swift */ = {isa = PBXFileReference; lastKnownFileType = sourcecode.swift; path = "String+Extension.swift"; sourceTree = "<group>"; };
		4D3C0D71246195E100EBC936 /* DateTests.swift */ = {isa = PBXFileReference; lastKnownFileType = sourcecode.swift; path = DateTests.swift; sourceTree = "<group>"; };
		4D3C0D732461968200EBC936 /* Date+Extension.swift */ = {isa = PBXFileReference; lastKnownFileType = sourcecode.swift; path = "Date+Extension.swift"; sourceTree = "<group>"; };
		4D3C0D7A2461B02000EBC936 /* FlowrSpotUITests.xctest */ = {isa = PBXFileReference; explicitFileType = wrapper.cfbundle; includeInIndex = 0; path = FlowrSpotUITests.xctest; sourceTree = BUILT_PRODUCTS_DIR; };
		4D3C0D7C2461B02000EBC936 /* FlowrSpotUITests.swift */ = {isa = PBXFileReference; lastKnownFileType = sourcecode.swift; path = FlowrSpotUITests.swift; sourceTree = "<group>"; };
		4D3C0D7E2461B02000EBC936 /* Info.plist */ = {isa = PBXFileReference; lastKnownFileType = text.plist.xml; path = Info.plist; sourceTree = "<group>"; };
		4D5C3A77245CD58F00FF17BE /* FlowerContainer.swift */ = {isa = PBXFileReference; lastKnownFileType = sourcecode.swift; path = FlowerContainer.swift; sourceTree = "<group>"; };
		4D5C3A79245CD81400FF17BE /* FlowerDetailsHeaderView.swift */ = {isa = PBXFileReference; lastKnownFileType = sourcecode.swift; path = FlowerDetailsHeaderView.swift; sourceTree = "<group>"; };
		4D5C3A7B245CE27700FF17BE /* UIView+Extension.swift */ = {isa = PBXFileReference; lastKnownFileType = sourcecode.swift; name = "UIView+Extension.swift"; path = "FlowrSpot/Common/Extensions/UIView+Extension.swift"; sourceTree = SOURCE_ROOT; };
		4D7A1F49245D5A1400FB8DC5 /* .swiftlint.yml */ = {isa = PBXFileReference; fileEncoding = 4; lastKnownFileType = text.yaml; path = .swiftlint.yml; sourceTree = SOURCE_ROOT; };
		4DB486572461D91100EA7BE0 /* AssetCatalog.swift */ = {isa = PBXFileReference; lastKnownFileType = sourcecode.swift; path = AssetCatalog.swift; sourceTree = "<group>"; };
		5502B36F092495137C78FE6B /* Pods_FlowrSpot.framework */ = {isa = PBXFileReference; explicitFileType = wrapper.framework; includeInIndex = 0; path = Pods_FlowrSpot.framework; sourceTree = BUILT_PRODUCTS_DIR; };
		6A10E56857A093E82B31AC47 /* Pods-FlowrSpot.debug.xcconfig */ = {isa = PBXFileReference; includeInIndex = 1; lastKnownFileType = text.xcconfig; name = "Pods-FlowrSpot.debug.xcconfig"; path = "Target Support Files/Pods-FlowrSpot/Pods-FlowrSpot.debug.xcconfig"; sourceTree = "<group>"; };
		6DD770B4A47C1A6A87F4FA5C /* Pods-FlowrSpotTests.debug.xcconfig */ = {isa = PBXFileReference; includeInIndex = 1; lastKnownFileType = text.xcconfig; name = "Pods-FlowrSpotTests.debug.xcconfig"; path = "Target Support Files/Pods-FlowrSpotTests/Pods-FlowrSpotTests.debug.xcconfig"; sourceTree = "<group>"; };
		8CACC2D5CB6EDFECDEAF1E8C /* Pods-FlowrSpot.release.xcconfig */ = {isa = PBXFileReference; includeInIndex = 1; lastKnownFileType = text.xcconfig; name = "Pods-FlowrSpot.release.xcconfig"; path = "Target Support Files/Pods-FlowrSpot/Pods-FlowrSpot.release.xcconfig"; sourceTree = "<group>"; };
		99DC55B120160E1600E314D1 /* FlowersDownloaderTests.swift */ = {isa = PBXFileReference; fileEncoding = 4; lastKnownFileType = sourcecode.swift; path = FlowersDownloaderTests.swift; sourceTree = "<group>"; };
		99EF39B822E7202C001230BD /* SearchView.swift */ = {isa = PBXFileReference; fileEncoding = 4; lastKnownFileType = sourcecode.swift; path = SearchView.swift; sourceTree = "<group>"; };
		ECDEB1225ACA6FD24F4278CC /* Pods-FlowrSpotTests.release.xcconfig */ = {isa = PBXFileReference; includeInIndex = 1; lastKnownFileType = text.xcconfig; name = "Pods-FlowrSpotTests.release.xcconfig"; path = "Target Support Files/Pods-FlowrSpotTests/Pods-FlowrSpotTests.release.xcconfig"; sourceTree = "<group>"; };
/* End PBXFileReference section */

/* Begin PBXFrameworksBuildPhase section */
		37B41965200E06C600173B80 /* Frameworks */ = {
			isa = PBXFrameworksBuildPhase;
			buildActionMask = 2147483647;
			files = (
				E68543E126BCC2F758FEE79A /* Pods_FlowrSpot.framework in Frameworks */,
			);
			runOnlyForDeploymentPostprocessing = 0;
		};
		37B41979200E06C700173B80 /* Frameworks */ = {
			isa = PBXFrameworksBuildPhase;
			buildActionMask = 2147483647;
			files = (
				01E6DC21D1177E794B2810CC /* Pods_FlowrSpotTests.framework in Frameworks */,
			);
			runOnlyForDeploymentPostprocessing = 0;
		};
		4D3C0D772461B02000EBC936 /* Frameworks */ = {
			isa = PBXFrameworksBuildPhase;
			buildActionMask = 2147483647;
			files = (
			);
			runOnlyForDeploymentPostprocessing = 0;
		};
/* End PBXFrameworksBuildPhase section */

/* Begin PBXGroup section */
		372E5A832019DCC3002839CC /* json */ = {
			isa = PBXGroup;
			children = (
				4D3C0D5A2461816100EBC936 /* flower.json */,
				372E5A842019DCD7002839CC /* flowers.json */,
				4D3C0D64246187AB00EBC936 /* sightings.json */,
			);
			path = json;
			sourceTree = "<group>";
		};
		372E5A892019EBAB002839CC /* Localization */ = {
			isa = PBXGroup;
			children = (
				37088C632036E45E004C578F /* Localizable.strings */,
			);
			path = Localization;
			sourceTree = "<group>";
		};
		3743C2762016049600453B90 /* FlowrSpotTests */ = {
			isa = PBXGroup;
			children = (
				3743C29B2016234800453B90 /* DataMocks */,
				99DC55B32016108900E314D1 /* DataSources */,
				99DC55B020160E0800E314D1 /* Downloaders */,
				99DC55B42016108900E314D1 /* Extensions */,
				4D3C0D5C246181B800EBC936 /* Helper */,
				99DC55B52016108900E314D1 /* Mappers */,
				3743C2792016049600453B90 /* Info.plist */,
			);
			path = FlowrSpotTests;
			sourceTree = "<group>";
		};
		3743C29B2016234800453B90 /* DataMocks */ = {
			isa = PBXGroup;
			children = (
				372E5A832019DCC3002839CC /* json */,
				4D3C0D602461845100EBC936 /* FlowerDetailsDataMock.swift */,
				3743C29C2016234F00453B90 /* FlowersDataMock.swift */,
				4D3C0D66246187D500EBC936 /* SightingsDataMock.swift */,
			);
			path = DataMocks;
			sourceTree = "<group>";
		};
		37603CDB2010965F00FB9F78 /* Utils */ = {
			isa = PBXGroup;
			children = (
				4DB486572461D91100EA7BE0 /* AssetCatalog.swift */,
				3787E6402015D1420080A599 /* Constants.swift */,
			);
			path = Utils;
			sourceTree = "<group>";
		};
		37603CDC2010966900FB9F78 /* Extensions */ = {
			isa = PBXGroup;
			children = (
				37603CE72010970F00FB9F78 /* Foundation */,
				3787E63B2015CC120080A599 /* Other */,
				37603CE82010971400FB9F78 /* UIKit */,
			);
			path = Extensions;
			sourceTree = "<group>";
		};
		37603CDE2010967C00FB9F78 /* Protocols */ = {
			isa = PBXGroup;
			children = (
				37F6092B201239CB00087B53 /* DataSource */,
				37DFD3452011E63C001023ED /* ItemDimenson.swift */,
			);
			path = Protocols;
			sourceTree = "<group>";
		};
		37603CE02010969100FB9F78 /* Network */ = {
			isa = PBXGroup;
			children = (
				3787E6492015D3E90080A599 /* Api */,
				99EF39BA22E722F4001230BD /* Downloaders */,
				3787E6442015D3E90080A599 /* Errors */,
				99EF39BB22E72301001230BD /* Models */,
				3787E6462015D3E90080A599 /* Responses */,
			);
			path = Network;
			sourceTree = "<group>";
		};
		37603CE4201096C000FB9F78 /* Scenes */ = {
			isa = PBXGroup;
			children = (
				4D1BD18B245CA9C900D506F8 /* FlowerDetails */,
				37F6090A2012220200087B53 /* Home */,
				4D3C0D522461761200EBC936 /* NewSighting */,
				4D3C0D532461762800EBC936 /* SightingDetails */,
			);
			path = Scenes;
			sourceTree = "<group>";
		};
		37603CE5201096D400FB9F78 /* Views */ = {
			isa = PBXGroup;
			children = (
				373597C7201B2D570000CA57 /* EmptyView.swift */,
				99EF39B822E7202C001230BD /* SearchView.swift */,
			);
			path = Views;
			sourceTree = "<group>";
		};
		37603CE72010970F00FB9F78 /* Foundation */ = {
			isa = PBXGroup;
			children = (
				4D3C0D732461968200EBC936 /* Date+Extension.swift */,
				372B952F22B0D36400B304B3 /* JSONDecoder+Extra.swift */,
				4D3C0D6C2461941000EBC936 /* String+Extension.swift */,
			);
			path = Foundation;
			sourceTree = "<group>";
		};
		37603CE82010971400FB9F78 /* UIKit */ = {
			isa = PBXGroup;
			children = (
				37DFD3362011E48D001023ED /* UIColor+Extra.swift */,
				37DFD3332011E48D001023ED /* UIFont+Extra.swift */,
				4D5C3A7B245CE27700FF17BE /* UIView+Extension.swift */,
			);
			path = UIKit;
			sourceTree = "<group>";
		};
		3787E63B2015CC120080A599 /* Other */ = {
			isa = PBXGroup;
			children = (
			);
			path = Other;
			sourceTree = "<group>";
		};
		3787E6442015D3E90080A599 /* Errors */ = {
			isa = PBXGroup;
			children = (
				3787E6452015D3E90080A599 /* RemoteResourceError.swift */,
			);
			path = Errors;
			sourceTree = "<group>";
		};
		3787E6462015D3E90080A599 /* Responses */ = {
			isa = PBXGroup;
			children = (
				4D5C3A77245CD58F00FF17BE /* FlowerContainer.swift */,
				370F3B8621CB9FFC00C53C85 /* FlowersContainer.swift */,
				4D3C0D3A2460BA8800EBC936 /* SightingsContainer.swift */,
			);
			path = Responses;
			sourceTree = "<group>";
		};
		3787E6492015D3E90080A599 /* Api */ = {
			isa = PBXGroup;
			children = (
				3787E64D2015D3E90080A599 /* Host.swift */,
				3787E64B2015D3E90080A599 /* Request.swift */,
				3787E64C2015D3E90080A599 /* RestClient.swift */,
				3787E64A2015D3E90080A599 /* Version.swift */,
			);
			path = Api;
			sourceTree = "<group>";
		};
		37892D88200F52C500BB8259 /* Font */ = {
			isa = PBXGroup;
			children = (
				37892D89200F52CC00BB8259 /* Ubuntu */,
			);
			path = Font;
			sourceTree = "<group>";
		};
		37892D89200F52CC00BB8259 /* Ubuntu */ = {
			isa = PBXGroup;
			children = (
				37892D94200F530800BB8259 /* Ubuntu-B.ttf */,
				37892D8E200F530800BB8259 /* Ubuntu-BI.ttf */,
				37892D8C200F530700BB8259 /* Ubuntu-C.ttf */,
				37892D93200F530800BB8259 /* Ubuntu-L.ttf */,
				37892D90200F530800BB8259 /* Ubuntu-LI.ttf */,
				37892D8B200F530700BB8259 /* Ubuntu-M.ttf */,
				37892D8A200F530700BB8259 /* Ubuntu-MI.ttf */,
				37892D8D200F530800BB8259 /* Ubuntu-R.ttf */,
				37892D8F200F530800BB8259 /* Ubuntu-RI.ttf */,
				37892D96200F530900BB8259 /* UbuntuMono-B.ttf */,
				37892D91200F530800BB8259 /* UbuntuMono-BI.ttf */,
				37892D92200F530800BB8259 /* UbuntuMono-R.ttf */,
				37892D95200F530900BB8259 /* UbuntuMono-RI.ttf */,
			);
			path = Ubuntu;
			sourceTree = "<group>";
		};
		378E922422B0E21B008C06F0 /* Views */ = {
			isa = PBXGroup;
			children = (
				37DFD3252011E41C001023ED /* FlowerCollectionViewCell.swift */,
				378E922522B0E227008C06F0 /* HomeContentView.swift */,
				37DFD3242011E41C001023ED /* HomeHeaderView.swift */,
			);
			path = Views;
			sourceTree = "<group>";
		};
		37A1ADF8200E0B69004580ED /* Resources */ = {
			isa = PBXGroup;
			children = (
				37892D88200F52C500BB8259 /* Font */,
				372E5A892019EBAB002839CC /* Localization */,
				4D7A1F49245D5A1400FB8DC5 /* .swiftlint.yml */,
				37B41972200E06C700173B80 /* Assets.xcassets */,
				37B41977200E06C700173B80 /* Info.plist */,
				37892D7A200F320D00BB8259 /* LaunchScreen.storyboard */,
			);
			path = Resources;
			sourceTree = "<group>";
		};
		37B4195F200E06C600173B80 = {
			isa = PBXGroup;
			children = (
				37B4196A200E06C600173B80 /* FlowrSpot */,
				3743C2762016049600453B90 /* FlowrSpotTests */,
				4D3C0D7B2461B02000EBC936 /* FlowrSpotUITests */,
				9DC26434E17C6239B8269EC1 /* Frameworks */,
				F1479BB883FA7825C194F0ED /* Pods */,
				37B41969200E06C600173B80 /* Products */,
			);
			sourceTree = "<group>";
		};
		37B41969200E06C600173B80 /* Products */ = {
			isa = PBXGroup;
			children = (
				37B41968200E06C600173B80 /* FlowrSpot.app */,
				37B4197C200E06C700173B80 /* FlowrSpotTests.xctest */,
				4D3C0D7A2461B02000EBC936 /* FlowrSpotUITests.xctest */,
			);
			name = Products;
			sourceTree = "<group>";
		};
		37B4196A200E06C600173B80 /* FlowrSpot */ = {
			isa = PBXGroup;
			children = (
				99EF39B522E71F8C001230BD /* Common */,
				37603CE02010969100FB9F78 /* Network */,
				37A1ADF8200E0B69004580ED /* Resources */,
				37603CE4201096C000FB9F78 /* Scenes */,
				37B4196B200E06C600173B80 /* AppDelegate.swift */,
			);
			path = FlowrSpot;
			sourceTree = "<group>";
		};
		37F6090A2012220200087B53 /* Home */ = {
			isa = PBXGroup;
			children = (
				37F609122012220200087B53 /* Api */,
				37F6090B2012220200087B53 /* DataSources */,
				37F6090E2012220200087B53 /* Utils */,
				378E922422B0E21B008C06F0 /* Views */,
				37F609142012220200087B53 /* Workers */,
				37F6090D2012220200087B53 /* HomeInteractor.swift */,
				37F609172012220200087B53 /* HomePresenter.swift */,
				37F609112012220200087B53 /* HomeRouter.swift */,
				37F609102012220200087B53 /* HomeViewController.swift */,
			);
			path = Home;
			sourceTree = "<group>";
		};
		37F6090B2012220200087B53 /* DataSources */ = {
			isa = PBXGroup;
			children = (
				37F6090C2012220200087B53 /* FlowersDataSource.swift */,
				37F609222012226600087B53 /* FlowersRow.swift */,
				37F609212012226500087B53 /* FlowersSection.swift */,
			);
			path = DataSources;
			sourceTree = "<group>";
		};
		37F6090E2012220200087B53 /* Utils */ = {
			isa = PBXGroup;
			children = (
				37F6090F2012220200087B53 /* FlowerCollectionViewItemDimenson.swift */,
			);
			path = Utils;
			sourceTree = "<group>";
		};
		37F609122012220200087B53 /* Api */ = {
			isa = PBXGroup;
			children = (
				37F609132012220200087B53 /* FlowerRequests.swift */,
			);
			path = Api;
			sourceTree = "<group>";
		};
		37F609142012220200087B53 /* Workers */ = {
			isa = PBXGroup;
			children = (
				37F609152012220200087B53 /* GetFlowersWorker.swift */,
			);
			path = Workers;
			sourceTree = "<group>";
		};
		37F6092B201239CB00087B53 /* DataSource */ = {
			isa = PBXGroup;
			children = (
				37603CE92010975700FB9F78 /* DataSource.swift */,
				37603CED2010977F00FB9F78 /* RowType.swift */,
				37603CEB2010977100FB9F78 /* SectionType.swift */,
			);
			path = DataSource;
			sourceTree = "<group>";
		};
		4D1BD18B245CA9C900D506F8 /* FlowerDetails */ = {
			isa = PBXGroup;
			children = (
				4D1BD18C245CA9DC00D506F8 /* DataSources */,
				4D3C0D4F246170B300EBC936 /* Utils */,
				4D1BD18F245CAA2000D506F8 /* Views */,
				4D1BD192245CAE1000D506F8 /* Workers */,
				4D1BD189245CA68300D506F8 /* FlowerDetailsInteractor.swift */,
				4D1BD187245CA59000D506F8 /* FlowerDetailsPresenter.swift */,
				4D1BD185245CA54B00D506F8 /* FlowerDetailsRouter.swift */,
				4D1BD183245CA4E400D506F8 /* FlowerDetailsViewController.swift */,
			);
			path = FlowerDetails;
			sourceTree = "<group>";
		};
		4D1BD18C245CA9DC00D506F8 /* DataSources */ = {
			isa = PBXGroup;
			children = (
				4D3C0D4D2461674400EBC936 /* FlowerDescriptionDataSource.swift */,
				4D1BD18D245CA9F100D506F8 /* FlowerDetailsDataSource.swift */,
				4D3C0D442460CC1200EBC936 /* FlowerDetailsSection.swift */,
				4D3C0D422460CBB800EBC936 /* SightingsRow.swift */,
			);
			path = DataSources;
			sourceTree = "<group>";
		};
		4D1BD18F245CAA2000D506F8 /* Views */ = {
			isa = PBXGroup;
			children = (
				4D3C0D4B2461634200EBC936 /* FlowerDescriptionHeaderView.swift */,
				4D1BD190245CAA5500D506F8 /* FlowerDetailsContentView.swift */,
				4D5C3A79245CD81400FF17BE /* FlowerDetailsHeaderView.swift */,
				4D3C0D462460CC9B00EBC936 /* SightingTableViewCell.swift */,
			);
			path = Views;
			sourceTree = "<group>";
		};
		4D1BD192245CAE1000D506F8 /* Workers */ = {
			isa = PBXGroup;
			children = (
				4D1BD181245CA3C700D506F8 /* GetFlowerDetailsWorker.swift */,
				4D3C0D3C2460BB3D00EBC936 /* GetFlowerSightingsWorker.swift */,
			);
			path = Workers;
			sourceTree = "<group>";
		};
		4D3C0D4F246170B300EBC936 /* Utils */ = {
			isa = PBXGroup;
			children = (
				4D3C0D50246170C300EBC936 /* ReverseGeocoder.swift */,
			);
			path = Utils;
			sourceTree = "<group>";
		};
		4D3C0D522461761200EBC936 /* NewSighting */ = {
			isa = PBXGroup;
			children = (
				4D3C0D542461765C00EBC936 /* NewSightingViewController.swift */,
			);
			path = NewSighting;
			sourceTree = "<group>";
		};
		4D3C0D532461762800EBC936 /* SightingDetails */ = {
			isa = PBXGroup;
			children = (
				4D3C0D562461766C00EBC936 /* SightingDetailsViewController.swift */,
			);
			path = SightingDetails;
			sourceTree = "<group>";
		};
		4D3C0D5C246181B800EBC936 /* Helper */ = {
			isa = PBXGroup;
			children = (
				4D3C0D5D246181C400EBC936 /* Helper.swift */,
			);
			path = Helper;
			sourceTree = "<group>";
		};
		4D3C0D7B2461B02000EBC936 /* FlowrSpotUITests */ = {
			isa = PBXGroup;
			children = (
				4D3C0D7C2461B02000EBC936 /* FlowrSpotUITests.swift */,
				4D3C0D7E2461B02000EBC936 /* Info.plist */,
			);
			path = FlowrSpotUITests;
			sourceTree = "<group>";
		};
		99DC55B020160E0800E314D1 /* Downloaders */ = {
			isa = PBXGroup;
			children = (
				99DC55B120160E1600E314D1 /* FlowersDownloaderTests.swift */,
			);
			path = Downloaders;
			sourceTree = "<group>";
		};
		99DC55B32016108900E314D1 /* DataSources */ = {
			isa = PBXGroup;
			children = (
				4D3C0D6A24618C7B00EBC936 /* FlowerDetailsDataSourceTests.swift */,
				3743C2992016232F00453B90 /* FlowersDataSourceTests.swift */,
			);
			path = DataSources;
			sourceTree = "<group>";
		};
		99DC55B42016108900E314D1 /* Extensions */ = {
			isa = PBXGroup;
			children = (
				3743C2912016204F00453B90 /* ArrayTests.swift */,
				4D3C0D71246195E100EBC936 /* DateTests.swift */,
				3743C2952016224000453B90 /* UIFontTests.swift */,
				3743C297201622D200453B90 /* UIViewTests.swift */,
			);
			path = Extensions;
			sourceTree = "<group>";
		};
		99DC55B52016108900E314D1 /* Mappers */ = {
			isa = PBXGroup;
			children = (
				4D3C0D622461868200EBC936 /* FlowerDetailsMapperTests.swift */,
				3743C29E2016256200453B90 /* FlowersMapperTests.swift */,
				4D3C0D682461881E00EBC936 /* SightingsMapperTests.swift */,
			);
			path = Mappers;
			sourceTree = "<group>";
		};
		99E9048F2019EC9F00866BC2 /* Managers */ = {
			isa = PBXGroup;
			children = (
			);
			name = Managers;
			path = ../Managers;
			sourceTree = "<group>";
		};
		99EF39B522E71F8C001230BD /* Common */ = {
			isa = PBXGroup;
			children = (
				99EF39B722E71FDE001230BD /* Controllers */,
				37603CDC2010966900FB9F78 /* Extensions */,
				99E9048F2019EC9F00866BC2 /* Managers */,
				37603CDE2010967C00FB9F78 /* Protocols */,
				37603CDB2010965F00FB9F78 /* Utils */,
				37603CE5201096D400FB9F78 /* Views */,
			);
			path = Common;
			sourceTree = "<group>";
		};
		99EF39B722E71FDE001230BD /* Controllers */ = {
			isa = PBXGroup;
			children = (
				37892D7F200F38A600BB8259 /* NavigationViewController.swift */,
				37DFD34A2011E817001023ED /* RootTabViewController.swift */,
			);
			path = Controllers;
			sourceTree = "<group>";
		};
		99EF39BA22E722F4001230BD /* Downloaders */ = {
			isa = PBXGroup;
			children = (
				3787E64F2015D3E90080A599 /* FlowersDownloader.swift */,
			);
			path = Downloaders;
			sourceTree = "<group>";
		};
		99EF39BB22E72301001230BD /* Models */ = {
			isa = PBXGroup;
			children = (
				3787E6482015D3E90080A599 /* Flower.swift */,
				4D3C0D362460B95800EBC936 /* Sighting.swift */,
				4D3C0D382460B9AF00EBC936 /* User.swift */,
			);
			path = Models;
			sourceTree = "<group>";
		};
		9DC26434E17C6239B8269EC1 /* Frameworks */ = {
			isa = PBXGroup;
			children = (
				5502B36F092495137C78FE6B /* Pods_FlowrSpot.framework */,
				0C95744A7986F693D62B0883 /* Pods_FlowrSpotTests.framework */,
			);
			name = Frameworks;
			sourceTree = "<group>";
		};
		F1479BB883FA7825C194F0ED /* Pods */ = {
			isa = PBXGroup;
			children = (
				6A10E56857A093E82B31AC47 /* Pods-FlowrSpot.debug.xcconfig */,
				8CACC2D5CB6EDFECDEAF1E8C /* Pods-FlowrSpot.release.xcconfig */,
				6DD770B4A47C1A6A87F4FA5C /* Pods-FlowrSpotTests.debug.xcconfig */,
				ECDEB1225ACA6FD24F4278CC /* Pods-FlowrSpotTests.release.xcconfig */,
			);
			path = Pods;
			sourceTree = "<group>";
		};
/* End PBXGroup section */

/* Begin PBXNativeTarget section */
		37B41967200E06C600173B80 /* FlowrSpot */ = {
			isa = PBXNativeTarget;
			buildConfigurationList = 37B41990200E06C700173B80 /* Build configuration list for PBXNativeTarget "FlowrSpot" */;
			buildPhases = (
				9282A07F6E3737E3F4780ED0 /* [CP] Check Pods Manifest.lock */,
				37B41964200E06C600173B80 /* Sources */,
				37B41965200E06C600173B80 /* Frameworks */,
				37B41966200E06C600173B80 /* Resources */,
				37F609292012378300087B53 /* Tags As Warnings */,
				3787E6612015F39D0080A599 /* Swift Lint */,
				99EF39BC22E723BE001230BD /* Project Sort */,
				33A41818DBB275D888C4AED0 /* [CP] Embed Pods Frameworks */,
			);
			buildRules = (
			);
			dependencies = (
			);
			name = FlowrSpot;
			productName = FlowrSpot;
			productReference = 37B41968200E06C600173B80 /* FlowrSpot.app */;
			productType = "com.apple.product-type.application";
		};
		37B4197B200E06C700173B80 /* FlowrSpotTests */ = {
			isa = PBXNativeTarget;
			buildConfigurationList = 37B41993200E06C700173B80 /* Build configuration list for PBXNativeTarget "FlowrSpotTests" */;
			buildPhases = (
				128BAA86E7472922894AD743 /* [CP] Check Pods Manifest.lock */,
				37B41978200E06C700173B80 /* Sources */,
				37B41979200E06C700173B80 /* Frameworks */,
				37B4197A200E06C700173B80 /* Resources */,
			);
			buildRules = (
			);
			dependencies = (
				37B4197E200E06C700173B80 /* PBXTargetDependency */,
			);
			name = FlowrSpotTests;
			productName = FlowrSpotTests;
			productReference = 37B4197C200E06C700173B80 /* FlowrSpotTests.xctest */;
			productType = "com.apple.product-type.bundle.unit-test";
		};
		4D3C0D792461B02000EBC936 /* FlowrSpotUITests */ = {
			isa = PBXNativeTarget;
			buildConfigurationList = 4D3C0D832461B02000EBC936 /* Build configuration list for PBXNativeTarget "FlowrSpotUITests" */;
			buildPhases = (
				4D3C0D762461B02000EBC936 /* Sources */,
				4D3C0D772461B02000EBC936 /* Frameworks */,
				4D3C0D782461B02000EBC936 /* Resources */,
			);
			buildRules = (
			);
			dependencies = (
				4D3C0D802461B02000EBC936 /* PBXTargetDependency */,
			);
			name = FlowrSpotUITests;
			productName = FlowrSpotUITests;
			productReference = 4D3C0D7A2461B02000EBC936 /* FlowrSpotUITests.xctest */;
			productType = "com.apple.product-type.bundle.ui-testing";
		};
/* End PBXNativeTarget section */

/* Begin PBXProject section */
		37B41960200E06C600173B80 /* Project object */ = {
			isa = PBXProject;
			attributes = {
				LastSwiftUpdateCheck = 1140;
				LastUpgradeCheck = 1030;
				ORGANIZATIONNAME = PovioLabs;
				TargetAttributes = {
					37B41967200E06C600173B80 = {
						CreatedOnToolsVersion = 9.2;
						LastSwiftMigration = 1020;
						ProvisioningStyle = Automatic;
					};
					37B4197B200E06C700173B80 = {
						CreatedOnToolsVersion = 9.2;
						LastSwiftMigration = 1020;
						ProvisioningStyle = Automatic;
						TestTargetID = 37B41967200E06C600173B80;
					};
					4D3C0D792461B02000EBC936 = {
						CreatedOnToolsVersion = 11.4.1;
						ProvisioningStyle = Automatic;
						TestTargetID = 37B41967200E06C600173B80;
					};
				};
			};
			buildConfigurationList = 37B41963200E06C600173B80 /* Build configuration list for PBXProject "FlowrSpot" */;
			compatibilityVersion = "Xcode 8.0";
			developmentRegion = en;
			hasScannedForEncodings = 0;
			knownRegions = (
				en,
				Base,
			);
			mainGroup = 37B4195F200E06C600173B80;
			productRefGroup = 37B41969200E06C600173B80 /* Products */;
			projectDirPath = "";
			projectRoot = "";
			targets = (
				37B41967200E06C600173B80 /* FlowrSpot */,
				37B4197B200E06C700173B80 /* FlowrSpotTests */,
				4D3C0D792461B02000EBC936 /* FlowrSpotUITests */,
			);
		};
/* End PBXProject section */

/* Begin PBXResourcesBuildPhase section */
		37B41966200E06C600173B80 /* Resources */ = {
			isa = PBXResourcesBuildPhase;
			buildActionMask = 2147483647;
			files = (
				4D7A1F4A245D5A1400FB8DC5 /* .swiftlint.yml in Resources */,
				37B41973200E06C700173B80 /* Assets.xcassets in Resources */,
				37892D7B200F320D00BB8259 /* LaunchScreen.storyboard in Resources */,
				37088C642036E45E004C578F /* Localizable.strings in Resources */,
				37892D97200F563F00BB8259 /* Ubuntu-B.ttf in Resources */,
				37892D98200F563F00BB8259 /* Ubuntu-BI.ttf in Resources */,
				37892D99200F563F00BB8259 /* Ubuntu-C.ttf in Resources */,
				37892D9A200F563F00BB8259 /* Ubuntu-L.ttf in Resources */,
				37892D9B200F563F00BB8259 /* Ubuntu-LI.ttf in Resources */,
				37892D9C200F563F00BB8259 /* Ubuntu-M.ttf in Resources */,
				37892D9D200F563F00BB8259 /* Ubuntu-MI.ttf in Resources */,
				37892D9E200F563F00BB8259 /* Ubuntu-R.ttf in Resources */,
				37892D9F200F563F00BB8259 /* Ubuntu-RI.ttf in Resources */,
				37892DA0200F563F00BB8259 /* UbuntuMono-B.ttf in Resources */,
				37892DA1200F563F00BB8259 /* UbuntuMono-BI.ttf in Resources */,
				37892DA2200F563F00BB8259 /* UbuntuMono-R.ttf in Resources */,
				37892DA3200F563F00BB8259 /* UbuntuMono-RI.ttf in Resources */,
			);
			runOnlyForDeploymentPostprocessing = 0;
		};
		37B4197A200E06C700173B80 /* Resources */ = {
			isa = PBXResourcesBuildPhase;
			buildActionMask = 2147483647;
			files = (
				4D3C0D5B2461816100EBC936 /* flower.json in Resources */,
				372E5A862019E164002839CC /* flowers.json in Resources */,
				4D3C0D65246187AB00EBC936 /* sightings.json in Resources */,
			);
			runOnlyForDeploymentPostprocessing = 0;
		};
		4D3C0D782461B02000EBC936 /* Resources */ = {
			isa = PBXResourcesBuildPhase;
			buildActionMask = 2147483647;
			files = (
			);
			runOnlyForDeploymentPostprocessing = 0;
		};
/* End PBXResourcesBuildPhase section */

/* Begin PBXShellScriptBuildPhase section */
		128BAA86E7472922894AD743 /* [CP] Check Pods Manifest.lock */ = {
			isa = PBXShellScriptBuildPhase;
			buildActionMask = 2147483647;
			files = (
			);
			inputFileListPaths = (
			);
			inputPaths = (
				"${PODS_PODFILE_DIR_PATH}/Podfile.lock",
				"${PODS_ROOT}/Manifest.lock",
			);
			name = "[CP] Check Pods Manifest.lock";
			outputFileListPaths = (
			);
			outputPaths = (
				"$(DERIVED_FILE_DIR)/Pods-FlowrSpotTests-checkManifestLockResult.txt",
			);
			runOnlyForDeploymentPostprocessing = 0;
			shellPath = /bin/sh;
			shellScript = "diff \"${PODS_PODFILE_DIR_PATH}/Podfile.lock\" \"${PODS_ROOT}/Manifest.lock\" > /dev/null\nif [ $? != 0 ] ; then\n    # print error to STDERR\n    echo \"error: The sandbox is not in sync with the Podfile.lock. Run 'pod install' or update your CocoaPods installation.\" >&2\n    exit 1\nfi\n# This output is used by Xcode 'outputs' to avoid re-running this script phase.\necho \"SUCCESS\" > \"${SCRIPT_OUTPUT_FILE_0}\"\n";
			showEnvVarsInLog = 0;
		};
		33A41818DBB275D888C4AED0 /* [CP] Embed Pods Frameworks */ = {
			isa = PBXShellScriptBuildPhase;
			buildActionMask = 2147483647;
			files = (
			);
			inputPaths = (
				"${PODS_ROOT}/Target Support Files/Pods-FlowrSpot/Pods-FlowrSpot-frameworks.sh",
				"${BUILT_PRODUCTS_DIR}/Alamofire/Alamofire.framework",
				"${BUILT_PRODUCTS_DIR}/Kingfisher/Kingfisher.framework",
				"${BUILT_PRODUCTS_DIR}/PovioKit/PovioKit.framework",
				"${BUILT_PRODUCTS_DIR}/SnapKit/SnapKit.framework",
			);
			name = "[CP] Embed Pods Frameworks";
			outputPaths = (
				"${TARGET_BUILD_DIR}/${FRAMEWORKS_FOLDER_PATH}/Alamofire.framework",
				"${TARGET_BUILD_DIR}/${FRAMEWORKS_FOLDER_PATH}/Kingfisher.framework",
				"${TARGET_BUILD_DIR}/${FRAMEWORKS_FOLDER_PATH}/PovioKit.framework",
				"${TARGET_BUILD_DIR}/${FRAMEWORKS_FOLDER_PATH}/SnapKit.framework",
			);
			runOnlyForDeploymentPostprocessing = 0;
			shellPath = /bin/sh;
			shellScript = "\"${PODS_ROOT}/Target Support Files/Pods-FlowrSpot/Pods-FlowrSpot-frameworks.sh\"\n";
			showEnvVarsInLog = 0;
		};
		3787E6612015F39D0080A599 /* Swift Lint */ = {
			isa = PBXShellScriptBuildPhase;
			buildActionMask = 2147483647;
			files = (
			);
			inputPaths = (
			);
			name = "Swift Lint";
			outputPaths = (
			);
			runOnlyForDeploymentPostprocessing = 0;
			shellPath = /bin/sh;
			shellScript = "${PODS_ROOT}/SwiftLint/swiftlint\nswiftlint lint --quiet $@ | sed 's/error: /warning: /g'\n";
		};
		37F609292012378300087B53 /* Tags As Warnings */ = {
			isa = PBXShellScriptBuildPhase;
			buildActionMask = 2147483647;
			files = (
			);
			inputPaths = (
			);
			name = "Tags As Warnings";
			outputPaths = (
			);
			runOnlyForDeploymentPostprocessing = 0;
			shellPath = /bin/sh;
			shellScript = "TAGS=\"TODO:|FIXME:|NOTE:\"\necho \"searching ${SRCROOT} for ${TAGS}\"\nfind \"${SRCROOT}\" \\( -name \"*.swift\" \\) -print0 | xargs -0 egrep --with-filename --line-number --only-matching \"($TAGS).*\\$\" | perl -p -e \"s/($TAGS)/ warning: \\$1/\"\n";
		};
		9282A07F6E3737E3F4780ED0 /* [CP] Check Pods Manifest.lock */ = {
			isa = PBXShellScriptBuildPhase;
			buildActionMask = 2147483647;
			files = (
			);
			inputFileListPaths = (
			);
			inputPaths = (
				"${PODS_PODFILE_DIR_PATH}/Podfile.lock",
				"${PODS_ROOT}/Manifest.lock",
			);
			name = "[CP] Check Pods Manifest.lock";
			outputFileListPaths = (
			);
			outputPaths = (
				"$(DERIVED_FILE_DIR)/Pods-FlowrSpot-checkManifestLockResult.txt",
			);
			runOnlyForDeploymentPostprocessing = 0;
			shellPath = /bin/sh;
			shellScript = "diff \"${PODS_PODFILE_DIR_PATH}/Podfile.lock\" \"${PODS_ROOT}/Manifest.lock\" > /dev/null\nif [ $? != 0 ] ; then\n    # print error to STDERR\n    echo \"error: The sandbox is not in sync with the Podfile.lock. Run 'pod install' or update your CocoaPods installation.\" >&2\n    exit 1\nfi\n# This output is used by Xcode 'outputs' to avoid re-running this script phase.\necho \"SUCCESS\" > \"${SCRIPT_OUTPUT_FILE_0}\"\n";
			showEnvVarsInLog = 0;
		};
		99EF39BC22E723BE001230BD /* Project Sort */ = {
			isa = PBXShellScriptBuildPhase;
			buildActionMask = 2147483647;
			files = (
			);
			inputFileListPaths = (
			);
			inputPaths = (
				"$(SRCROOT)/Scripts/sortProject",
			);
			name = "Project Sort";
			outputFileListPaths = (
			);
			outputPaths = (
			);
			runOnlyForDeploymentPostprocessing = 0;
			shellPath = /bin/sh;
			shellScript = "./Scripts/sortProject\n";
		};
/* End PBXShellScriptBuildPhase section */

/* Begin PBXSourcesBuildPhase section */
		37B41964200E06C600173B80 /* Sources */ = {
			isa = PBXSourcesBuildPhase;
			buildActionMask = 2147483647;
			files = (
				37B4196C200E06C600173B80 /* AppDelegate.swift in Sources */,
				4DB486582461D91100EA7BE0 /* AssetCatalog.swift in Sources */,
				3787E6412015D1420080A599 /* Constants.swift in Sources */,
				37603CEA2010975700FB9F78 /* DataSource.swift in Sources */,
				4D3C0D742461968200EBC936 /* Date+Extension.swift in Sources */,
				373597C8201B2D570000CA57 /* EmptyView.swift in Sources */,
				3787E6542015D3E90080A599 /* Flower.swift in Sources */,
				37DFD3292011E41C001023ED /* FlowerCollectionViewCell.swift in Sources */,
				37F6091A2012220200087B53 /* FlowerCollectionViewItemDimenson.swift in Sources */,
				4D5C3A78245CD58F00FF17BE /* FlowerContainer.swift in Sources */,
				4D3C0D4E2461674400EBC936 /* FlowerDescriptionDataSource.swift in Sources */,
				4D3C0D4C2461634200EBC936 /* FlowerDescriptionHeaderView.swift in Sources */,
				4D1BD191245CAA5500D506F8 /* FlowerDetailsContentView.swift in Sources */,
				4D1BD18E245CA9F100D506F8 /* FlowerDetailsDataSource.swift in Sources */,
				4D5C3A7A245CD81400FF17BE /* FlowerDetailsHeaderView.swift in Sources */,
				4D1BD18A245CA68300D506F8 /* FlowerDetailsInteractor.swift in Sources */,
				4D1BD188245CA59000D506F8 /* FlowerDetailsPresenter.swift in Sources */,
				4D1BD186245CA54B00D506F8 /* FlowerDetailsRouter.swift in Sources */,
				4D3C0D452460CC1200EBC936 /* FlowerDetailsSection.swift in Sources */,
				4D1BD184245CA4E400D506F8 /* FlowerDetailsViewController.swift in Sources */,
				37F6091D2012220200087B53 /* FlowerRequests.swift in Sources */,
				370F3B8721CB9FFC00C53C85 /* FlowersContainer.swift in Sources */,
				37F609182012220200087B53 /* FlowersDataSource.swift in Sources */,
				3787E6592015D3E90080A599 /* FlowersDownloader.swift in Sources */,
				37F609242012226600087B53 /* FlowersRow.swift in Sources */,
				37F609232012226600087B53 /* FlowersSection.swift in Sources */,
				4D1BD182245CA3C700D506F8 /* GetFlowerDetailsWorker.swift in Sources */,
				4D3C0D3D2460BB3D00EBC936 /* GetFlowerSightingsWorker.swift in Sources */,
				37F6091E2012220200087B53 /* GetFlowersWorker.swift in Sources */,
				378E922622B0E227008C06F0 /* HomeContentView.swift in Sources */,
				37DFD3282011E41C001023ED /* HomeHeaderView.swift in Sources */,
				37F609192012220200087B53 /* HomeInteractor.swift in Sources */,
				37F609202012220200087B53 /* HomePresenter.swift in Sources */,
				37F6091C2012220200087B53 /* HomeRouter.swift in Sources */,
				37F6091B2012220200087B53 /* HomeViewController.swift in Sources */,
				3787E6582015D3E90080A599 /* Host.swift in Sources */,
				37DFD3462011E63C001023ED /* ItemDimenson.swift in Sources */,
				372B953022B0D36400B304B3 /* JSONDecoder+Extra.swift in Sources */,
				37892D80200F38A600BB8259 /* NavigationViewController.swift in Sources */,
				4D3C0D552461765C00EBC936 /* NewSightingViewController.swift in Sources */,
				3787E6522015D3E90080A599 /* RemoteResourceError.swift in Sources */,
				3787E6562015D3E90080A599 /* Request.swift in Sources */,
				3787E6572015D3E90080A599 /* RestClient.swift in Sources */,
				4D3C0D51246170C300EBC936 /* ReverseGeocoder.swift in Sources */,
				37DFD34E2011E817001023ED /* RootTabViewController.swift in Sources */,
				37603CEE2010977F00FB9F78 /* RowType.swift in Sources */,
				99EF39B922E7202D001230BD /* SearchView.swift in Sources */,
				37603CEC2010977100FB9F78 /* SectionType.swift in Sources */,
				4D3C0D372460B95800EBC936 /* Sighting.swift in Sources */,
				4D3C0D572461766C00EBC936 /* SightingDetailsViewController.swift in Sources */,
				4D3C0D3B2460BA8800EBC936 /* SightingsContainer.swift in Sources */,
				4D3C0D432460CBB800EBC936 /* SightingsRow.swift in Sources */,
				4D3C0D472460CC9B00EBC936 /* SightingTableViewCell.swift in Sources */,
				4D3C0D6D2461941000EBC936 /* String+Extension.swift in Sources */,
				37DFD33C2011E48D001023ED /* UIColor+Extra.swift in Sources */,
				37DFD3392011E48D001023ED /* UIFont+Extra.swift in Sources */,
				4D5C3A7C245CE27700FF17BE /* UIView+Extension.swift in Sources */,
				4D3C0D392460B9AF00EBC936 /* User.swift in Sources */,
				3787E6552015D3E90080A599 /* Version.swift in Sources */,
			);
			runOnlyForDeploymentPostprocessing = 0;
		};
		37B41978200E06C700173B80 /* Sources */ = {
			isa = PBXSourcesBuildPhase;
			buildActionMask = 2147483647;
			files = (
				3743C2922016204F00453B90 /* ArrayTests.swift in Sources */,
				4D3C0D72246195E100EBC936 /* DateTests.swift in Sources */,
				4D3C0D612461845100EBC936 /* FlowerDetailsDataMock.swift in Sources */,
				4D3C0D6B24618C7B00EBC936 /* FlowerDetailsDataSourceTests.swift in Sources */,
				4D3C0D632461868200EBC936 /* FlowerDetailsMapperTests.swift in Sources */,
				3743C29D2016234F00453B90 /* FlowersDataMock.swift in Sources */,
				372E5A882019E5DF002839CC /* FlowersDataSourceTests.swift in Sources */,
				99DC55B220160E1600E314D1 /* FlowersDownloaderTests.swift in Sources */,
				3743C29F2016256200453B90 /* FlowersMapperTests.swift in Sources */,
				4D3C0D5E246181C400EBC936 /* Helper.swift in Sources */,
				4D3C0D5F246181F600EBC936 /* RemoteResourceError.swift in Sources */,
				4D3C0D67246187D500EBC936 /* SightingsDataMock.swift in Sources */,
				4D3C0D692461881E00EBC936 /* SightingsMapperTests.swift in Sources */,
				3743C2962016224000453B90 /* UIFontTests.swift in Sources */,
				3743C298201622D200453B90 /* UIViewTests.swift in Sources */,
			);
			runOnlyForDeploymentPostprocessing = 0;
		};
		4D3C0D762461B02000EBC936 /* Sources */ = {
			isa = PBXSourcesBuildPhase;
			buildActionMask = 2147483647;
			files = (
				4D3C0D7D2461B02000EBC936 /* FlowrSpotUITests.swift in Sources */,
			);
			runOnlyForDeploymentPostprocessing = 0;
		};
/* End PBXSourcesBuildPhase section */

/* Begin PBXTargetDependency section */
		37B4197E200E06C700173B80 /* PBXTargetDependency */ = {
			isa = PBXTargetDependency;
			target = 37B41967200E06C600173B80 /* FlowrSpot */;
			targetProxy = 37B4197D200E06C700173B80 /* PBXContainerItemProxy */;
		};
		4D3C0D802461B02000EBC936 /* PBXTargetDependency */ = {
			isa = PBXTargetDependency;
			target = 37B41967200E06C600173B80 /* FlowrSpot */;
			targetProxy = 4D3C0D7F2461B02000EBC936 /* PBXContainerItemProxy */;
		};
/* End PBXTargetDependency section */

/* Begin XCBuildConfiguration section */
		37B4198E200E06C700173B80 /* Debug */ = {
			isa = XCBuildConfiguration;
			buildSettings = {
				ALWAYS_SEARCH_USER_PATHS = NO;
				CLANG_ANALYZER_NONNULL = YES;
				CLANG_ANALYZER_NUMBER_OBJECT_CONVERSION = YES_AGGRESSIVE;
				CLANG_CXX_LANGUAGE_STANDARD = "gnu++14";
				CLANG_CXX_LIBRARY = "libc++";
				CLANG_ENABLE_MODULES = YES;
				CLANG_ENABLE_OBJC_ARC = YES;
				CLANG_WARN_BLOCK_CAPTURE_AUTORELEASING = YES;
				CLANG_WARN_BOOL_CONVERSION = YES;
				CLANG_WARN_COMMA = YES;
				CLANG_WARN_CONSTANT_CONVERSION = YES;
				CLANG_WARN_DEPRECATED_OBJC_IMPLEMENTATIONS = YES;
				CLANG_WARN_DIRECT_OBJC_ISA_USAGE = YES_ERROR;
				CLANG_WARN_DOCUMENTATION_COMMENTS = YES;
				CLANG_WARN_EMPTY_BODY = YES;
				CLANG_WARN_ENUM_CONVERSION = YES;
				CLANG_WARN_INFINITE_RECURSION = YES;
				CLANG_WARN_INT_CONVERSION = YES;
				CLANG_WARN_NON_LITERAL_NULL_CONVERSION = YES;
				CLANG_WARN_OBJC_IMPLICIT_RETAIN_SELF = YES;
				CLANG_WARN_OBJC_LITERAL_CONVERSION = YES;
				CLANG_WARN_OBJC_ROOT_CLASS = YES_ERROR;
				CLANG_WARN_RANGE_LOOP_ANALYSIS = YES;
				CLANG_WARN_STRICT_PROTOTYPES = YES;
				CLANG_WARN_SUSPICIOUS_MOVE = YES;
				CLANG_WARN_UNGUARDED_AVAILABILITY = YES_AGGRESSIVE;
				CLANG_WARN_UNREACHABLE_CODE = YES;
				CLANG_WARN__DUPLICATE_METHOD_MATCH = YES;
				CODE_SIGN_IDENTITY = "iPhone Developer";
				COPY_PHASE_STRIP = NO;
				DEBUG_INFORMATION_FORMAT = dwarf;
				ENABLE_STRICT_OBJC_MSGSEND = YES;
				ENABLE_TESTABILITY = YES;
				GCC_C_LANGUAGE_STANDARD = gnu11;
				GCC_DYNAMIC_NO_PIC = NO;
				GCC_NO_COMMON_BLOCKS = YES;
				GCC_OPTIMIZATION_LEVEL = 0;
				GCC_PREPROCESSOR_DEFINITIONS = (
					"DEBUG=1",
					"$(inherited)",
				);
				GCC_WARN_64_TO_32_BIT_CONVERSION = YES;
				GCC_WARN_ABOUT_RETURN_TYPE = YES_ERROR;
				GCC_WARN_UNDECLARED_SELECTOR = YES;
				GCC_WARN_UNINITIALIZED_AUTOS = YES_AGGRESSIVE;
				GCC_WARN_UNUSED_FUNCTION = YES;
				GCC_WARN_UNUSED_VARIABLE = YES;
				IPHONEOS_DEPLOYMENT_TARGET = 11.2;
				MTL_ENABLE_DEBUG_INFO = YES;
				ONLY_ACTIVE_ARCH = YES;
				SDKROOT = iphoneos;
				SWIFT_ACTIVE_COMPILATION_CONDITIONS = DEBUG;
				SWIFT_OPTIMIZATION_LEVEL = "-Onone";
				SWIFT_VERSION = 4.2;
			};
			name = Debug;
		};
		37B4198F200E06C700173B80 /* Release */ = {
			isa = XCBuildConfiguration;
			buildSettings = {
				ALWAYS_SEARCH_USER_PATHS = NO;
				CLANG_ANALYZER_NONNULL = YES;
				CLANG_ANALYZER_NUMBER_OBJECT_CONVERSION = YES_AGGRESSIVE;
				CLANG_CXX_LANGUAGE_STANDARD = "gnu++14";
				CLANG_CXX_LIBRARY = "libc++";
				CLANG_ENABLE_MODULES = YES;
				CLANG_ENABLE_OBJC_ARC = YES;
				CLANG_WARN_BLOCK_CAPTURE_AUTORELEASING = YES;
				CLANG_WARN_BOOL_CONVERSION = YES;
				CLANG_WARN_COMMA = YES;
				CLANG_WARN_CONSTANT_CONVERSION = YES;
				CLANG_WARN_DEPRECATED_OBJC_IMPLEMENTATIONS = YES;
				CLANG_WARN_DIRECT_OBJC_ISA_USAGE = YES_ERROR;
				CLANG_WARN_DOCUMENTATION_COMMENTS = YES;
				CLANG_WARN_EMPTY_BODY = YES;
				CLANG_WARN_ENUM_CONVERSION = YES;
				CLANG_WARN_INFINITE_RECURSION = YES;
				CLANG_WARN_INT_CONVERSION = YES;
				CLANG_WARN_NON_LITERAL_NULL_CONVERSION = YES;
				CLANG_WARN_OBJC_IMPLICIT_RETAIN_SELF = YES;
				CLANG_WARN_OBJC_LITERAL_CONVERSION = YES;
				CLANG_WARN_OBJC_ROOT_CLASS = YES_ERROR;
				CLANG_WARN_RANGE_LOOP_ANALYSIS = YES;
				CLANG_WARN_STRICT_PROTOTYPES = YES;
				CLANG_WARN_SUSPICIOUS_MOVE = YES;
				CLANG_WARN_UNGUARDED_AVAILABILITY = YES_AGGRESSIVE;
				CLANG_WARN_UNREACHABLE_CODE = YES;
				CLANG_WARN__DUPLICATE_METHOD_MATCH = YES;
				CODE_SIGN_IDENTITY = "iPhone Developer";
				COPY_PHASE_STRIP = NO;
				DEBUG_INFORMATION_FORMAT = "dwarf-with-dsym";
				ENABLE_NS_ASSERTIONS = NO;
				ENABLE_STRICT_OBJC_MSGSEND = YES;
				GCC_C_LANGUAGE_STANDARD = gnu11;
				GCC_NO_COMMON_BLOCKS = YES;
				GCC_WARN_64_TO_32_BIT_CONVERSION = YES;
				GCC_WARN_ABOUT_RETURN_TYPE = YES_ERROR;
				GCC_WARN_UNDECLARED_SELECTOR = YES;
				GCC_WARN_UNINITIALIZED_AUTOS = YES_AGGRESSIVE;
				GCC_WARN_UNUSED_FUNCTION = YES;
				GCC_WARN_UNUSED_VARIABLE = YES;
				IPHONEOS_DEPLOYMENT_TARGET = 11.2;
				MTL_ENABLE_DEBUG_INFO = NO;
				SDKROOT = iphoneos;
				SWIFT_OPTIMIZATION_LEVEL = "-Owholemodule";
				SWIFT_VERSION = 4.2;
				VALIDATE_PRODUCT = YES;
			};
			name = Release;
		};
		37B41991200E06C700173B80 /* Debug */ = {
			isa = XCBuildConfiguration;
			baseConfigurationReference = 6A10E56857A093E82B31AC47 /* Pods-FlowrSpot.debug.xcconfig */;
			buildSettings = {
				ASSETCATALOG_COMPILER_APPICON_NAME = AppIcon;
				CODE_SIGN_STYLE = Automatic;
				DEVELOPMENT_TEAM = HZGPPRPY9T;
				INFOPLIST_FILE = FlowrSpot/Resources/Info.plist;
				LD_RUNPATH_SEARCH_PATHS = "$(inherited) @executable_path/Frameworks";
				PRODUCT_BUNDLE_IDENTIFIER = povio.FlowrSpot;
				PRODUCT_NAME = "$(TARGET_NAME)";
				SWIFT_VERSION = 5.0;
				TARGETED_DEVICE_FAMILY = 1;
			};
			name = Debug;
		};
		37B41992200E06C700173B80 /* Release */ = {
			isa = XCBuildConfiguration;
			baseConfigurationReference = 8CACC2D5CB6EDFECDEAF1E8C /* Pods-FlowrSpot.release.xcconfig */;
			buildSettings = {
				ASSETCATALOG_COMPILER_APPICON_NAME = AppIcon;
				CODE_SIGN_STYLE = Automatic;
				DEVELOPMENT_TEAM = HZGPPRPY9T;
				INFOPLIST_FILE = FlowrSpot/Resources/Info.plist;
				LD_RUNPATH_SEARCH_PATHS = "$(inherited) @executable_path/Frameworks";
				PRODUCT_BUNDLE_IDENTIFIER = povio.FlowrSpot;
				PRODUCT_NAME = "$(TARGET_NAME)";
				SWIFT_VERSION = 5.0;
				TARGETED_DEVICE_FAMILY = 1;
			};
			name = Release;
		};
		37B41994200E06C700173B80 /* Debug */ = {
			isa = XCBuildConfiguration;
			baseConfigurationReference = 6DD770B4A47C1A6A87F4FA5C /* Pods-FlowrSpotTests.debug.xcconfig */;
			buildSettings = {
				ALWAYS_EMBED_SWIFT_STANDARD_LIBRARIES = YES;
				BUNDLE_LOADER = "$(TEST_HOST)";
				CODE_SIGN_STYLE = Automatic;
				DEVELOPMENT_TEAM = 2QB89332G7;
				INFOPLIST_FILE = FlowrSpotTests/Info.plist;
				LD_RUNPATH_SEARCH_PATHS = "$(inherited) @executable_path/Frameworks @loader_path/Frameworks";
				PRODUCT_BUNDLE_IDENTIFIER = povio.FlowrSpotTests;
				PRODUCT_NAME = "$(TARGET_NAME)";
				SWIFT_VERSION = 5.0;
				TARGETED_DEVICE_FAMILY = "1,2";
				TEST_HOST = "$(BUILT_PRODUCTS_DIR)/FlowrSpot.app/FlowrSpot";
			};
			name = Debug;
		};
		37B41995200E06C700173B80 /* Release */ = {
			isa = XCBuildConfiguration;
			baseConfigurationReference = ECDEB1225ACA6FD24F4278CC /* Pods-FlowrSpotTests.release.xcconfig */;
			buildSettings = {
				ALWAYS_EMBED_SWIFT_STANDARD_LIBRARIES = YES;
				BUNDLE_LOADER = "$(TEST_HOST)";
				CODE_SIGN_STYLE = Automatic;
				DEVELOPMENT_TEAM = 2QB89332G7;
				INFOPLIST_FILE = FlowrSpotTests/Info.plist;
				LD_RUNPATH_SEARCH_PATHS = "$(inherited) @executable_path/Frameworks @loader_path/Frameworks";
				PRODUCT_BUNDLE_IDENTIFIER = povio.FlowrSpotTests;
				PRODUCT_NAME = "$(TARGET_NAME)";
				SWIFT_VERSION = 5.0;
				TARGETED_DEVICE_FAMILY = "1,2";
				TEST_HOST = "$(BUILT_PRODUCTS_DIR)/FlowrSpot.app/FlowrSpot";
			};
			name = Release;
		};
		4D3C0D812461B02000EBC936 /* Debug */ = {
			isa = XCBuildConfiguration;
			buildSettings = {
				CLANG_ENABLE_OBJC_WEAK = YES;
				CODE_SIGN_STYLE = Automatic;
				DEVELOPMENT_TEAM = 2QB89332G7;
				INFOPLIST_FILE = FlowrSpotUITests/Info.plist;
				IPHONEOS_DEPLOYMENT_TARGET = 13.4;
				LD_RUNPATH_SEARCH_PATHS = "$(inherited) @executable_path/Frameworks @loader_path/Frameworks";
				MTL_ENABLE_DEBUG_INFO = INCLUDE_SOURCE;
				MTL_FAST_MATH = YES;
				PRODUCT_BUNDLE_IDENTIFIER = com.appfactory.FlowrSpotUITests;
				PRODUCT_NAME = "$(TARGET_NAME)";
				SWIFT_VERSION = 5.0;
				TARGETED_DEVICE_FAMILY = "1,2";
				TEST_TARGET_NAME = FlowrSpot;
			};
			name = Debug;
		};
		4D3C0D822461B02000EBC936 /* Release */ = {
			isa = XCBuildConfiguration;
			buildSettings = {
				CLANG_ENABLE_OBJC_WEAK = YES;
				CODE_SIGN_STYLE = Automatic;
				DEVELOPMENT_TEAM = 2QB89332G7;
				INFOPLIST_FILE = FlowrSpotUITests/Info.plist;
				IPHONEOS_DEPLOYMENT_TARGET = 13.4;
				LD_RUNPATH_SEARCH_PATHS = "$(inherited) @executable_path/Frameworks @loader_path/Frameworks";
				MTL_FAST_MATH = YES;
				PRODUCT_BUNDLE_IDENTIFIER = com.appfactory.FlowrSpotUITests;
				PRODUCT_NAME = "$(TARGET_NAME)";
				SWIFT_VERSION = 5.0;
				TARGETED_DEVICE_FAMILY = "1,2";
				TEST_TARGET_NAME = FlowrSpot;
			};
			name = Release;
		};
/* End XCBuildConfiguration section */

/* Begin XCConfigurationList section */
		37B41963200E06C600173B80 /* Build configuration list for PBXProject "FlowrSpot" */ = {
			isa = XCConfigurationList;
			buildConfigurations = (
				37B4198E200E06C700173B80 /* Debug */,
				37B4198F200E06C700173B80 /* Release */,
			);
			defaultConfigurationIsVisible = 0;
			defaultConfigurationName = Release;
		};
		37B41990200E06C700173B80 /* Build configuration list for PBXNativeTarget "FlowrSpot" */ = {
			isa = XCConfigurationList;
			buildConfigurations = (
				37B41991200E06C700173B80 /* Debug */,
				37B41992200E06C700173B80 /* Release */,
			);
			defaultConfigurationIsVisible = 0;
			defaultConfigurationName = Release;
		};
		37B41993200E06C700173B80 /* Build configuration list for PBXNativeTarget "FlowrSpotTests" */ = {
			isa = XCConfigurationList;
			buildConfigurations = (
				37B41994200E06C700173B80 /* Debug */,
				37B41995200E06C700173B80 /* Release */,
			);
			defaultConfigurationIsVisible = 0;
			defaultConfigurationName = Release;
		};
		4D3C0D832461B02000EBC936 /* Build configuration list for PBXNativeTarget "FlowrSpotUITests" */ = {
			isa = XCConfigurationList;
			buildConfigurations = (
				4D3C0D812461B02000EBC936 /* Debug */,
				4D3C0D822461B02000EBC936 /* Release */,
			);
			defaultConfigurationIsVisible = 0;
			defaultConfigurationName = Release;
		};
/* End XCConfigurationList section */
	};
	rootObject = 37B41960200E06C600173B80 /* Project object */;
}
